// !$*UTF8*$!
{
	archiveVersion = 1;
	classes = {
	};
	objectVersion = 52;
	objects = {

/* Begin PBXBuildFile section */
		54001D52269F3B5E00249C4E /* CustomPlayer.swift in Sources */ = {isa = PBXBuildFile; fileRef = 54001D51269F3B5E00249C4E /* CustomPlayer.swift */; };
		54001D56269F4DE100249C4E /* IngredientsPicker.swift in Sources */ = {isa = PBXBuildFile; fileRef = 54001D55269F4DE100249C4E /* IngredientsPicker.swift */; };
		540A83A126B2E7A900386660 /* CameraListSection.swift in Sources */ = {isa = PBXBuildFile; fileRef = 540A83A026B2E7A900386660 /* CameraListSection.swift */; };
		540A83A326B2EA5900386660 /* LoadingView.swift in Sources */ = {isa = PBXBuildFile; fileRef = 540A83A226B2EA5900386660 /* LoadingView.swift */; };
		5423FEE3267E10D30015ACC8 /* ProjectViewModel2.swift in Sources */ = {isa = PBXBuildFile; fileRef = 5423FEE2267E10D30015ACC8 /* ProjectViewModel2.swift */; };
		5423FEE5267E12290015ACC8 /* ProjectsViewModel2.swift in Sources */ = {isa = PBXBuildFile; fileRef = 5423FEE4267E12290015ACC8 /* ProjectsViewModel2.swift */; };
		5423FEE7267E22380015ACC8 /* LinkedText.swift in Sources */ = {isa = PBXBuildFile; fileRef = 5423FEE6267E22380015ACC8 /* LinkedText.swift */; };
		5423FEE9267E26620015ACC8 /* ProjectEditView2.swift in Sources */ = {isa = PBXBuildFile; fileRef = 5423FEE8267E26620015ACC8 /* ProjectEditView2.swift */; };
		5429AF85264628EF00422295 /* MailView.swift in Sources */ = {isa = PBXBuildFile; fileRef = 5429AF84264628EF00422295 /* MailView.swift */; };
		542EAB57261281EB008645CB /* CameraItemDetailedView.swift in Sources */ = {isa = PBXBuildFile; fileRef = 542EAB56261281EB008645CB /* CameraItemDetailedView.swift */; };
		54388242269DCCD3008529A4 /* LenseItemDetailedView.swift in Sources */ = {isa = PBXBuildFile; fileRef = 54388241269DCCD3008529A4 /* LenseItemDetailedView.swift */; };
		54388244269DD03B008529A4 /* EmptyState.swift in Sources */ = {isa = PBXBuildFile; fileRef = 54388243269DD03B008529A4 /* EmptyState.swift */; };
		54388246269DD129008529A4 /* png-transparent-black-and-yellow-exclamation-point-danger-signage-icon-danger-tape-s-angle-triangle-warning-sign.png in Resources */ = {isa = PBXBuildFile; fileRef = 54388245269DD129008529A4 /* png-transparent-black-and-yellow-exclamation-point-danger-signage-icon-danger-tape-s-angle-triangle-warning-sign.png */; };
		5439CE91260FF37B00DCC5A6 /* Element_CompoundApp.swift in Sources */ = {isa = PBXBuildFile; fileRef = 5439CE90260FF37B00DCC5A6 /* Element_CompoundApp.swift */; };
		5439CE93260FF37B00DCC5A6 /* InventoryListView.swift in Sources */ = {isa = PBXBuildFile; fileRef = 5439CE92260FF37B00DCC5A6 /* InventoryListView.swift */; };
		5439CE95260FF37C00DCC5A6 /* Assets.xcassets in Resources */ = {isa = PBXBuildFile; fileRef = 5439CE94260FF37C00DCC5A6 /* Assets.xcassets */; };
		5439CE98260FF37C00DCC5A6 /* Preview Assets.xcassets in Resources */ = {isa = PBXBuildFile; fileRef = 5439CE97260FF37C00DCC5A6 /* Preview Assets.xcassets */; };
		5439CEA1260FF3BF00DCC5A6 /* InventoryItems.swift in Sources */ = {isa = PBXBuildFile; fileRef = 5439CEA0260FF3BF00DCC5A6 /* InventoryItems.swift */; };
		543B6640264ABFCF00992350 /* Poppins-Thin.ttf in Resources */ = {isa = PBXBuildFile; fileRef = 543B663F264ABFCF00992350 /* Poppins-Thin.ttf */; };
		543B6643264ABFF100992350 /* Poppins-Black.ttf in Resources */ = {isa = PBXBuildFile; fileRef = 543B6642264ABFF000992350 /* Poppins-Black.ttf */; };
		543B6646264AC04F00992350 /* Poppins-Regular.ttf in Resources */ = {isa = PBXBuildFile; fileRef = 543B6645264AC04F00992350 /* Poppins-Regular.ttf */; };
		543B664D264AC72200992350 /* Felixti.ttf in Resources */ = {isa = PBXBuildFile; fileRef = 543B664C264AC72200992350 /* Felixti.ttf */; };
		543B6650264B248500992350 /* CameraDetailView2.swift in Sources */ = {isa = PBXBuildFile; fileRef = 543B664F264B248500992350 /* CameraDetailView2.swift */; };
		543C4A4726A71B6100D9DF67 /* URLImageStore in Frameworks */ = {isa = PBXBuildFile; productRef = 543C4A4626A71B6100D9DF67 /* URLImageStore */; };
		543C4A4926A71B6100D9DF67 /* URLImage in Frameworks */ = {isa = PBXBuildFile; productRef = 543C4A4826A71B6100D9DF67 /* URLImage */; };
		543DC5FF263B3D2100D807C1 /* AnnouncementsViewModel.swift in Sources */ = {isa = PBXBuildFile; fileRef = 543DC5FE263B3D2100D807C1 /* AnnouncementsViewModel.swift */; };
		543E7BA1262A1766004FDF51 /* CoursesView.swift in Sources */ = {isa = PBXBuildFile; fileRef = 543E7BA0262A1766004FDF51 /* CoursesView.swift */; };
		543E7BA4262A1773004FDF51 /* ProjectsView.swift in Sources */ = {isa = PBXBuildFile; fileRef = 543E7BA3262A1773004FDF51 /* ProjectsView.swift */; };
		543E7BA7262A1976004FDF51 /* TabView.swift in Sources */ = {isa = PBXBuildFile; fileRef = 543E7BA6262A1976004FDF51 /* TabView.swift */; };
		543E7BAA262A1F96004FDF51 /* SettingsView.swift in Sources */ = {isa = PBXBuildFile; fileRef = 543E7BA9262A1F96004FDF51 /* SettingsView.swift */; };
		543E7BAD262A258D004FDF51 /* InventoryListCellView.swift in Sources */ = {isa = PBXBuildFile; fileRef = 543E7BAC262A258D004FDF51 /* InventoryListCellView.swift */; };
		5440999E26422081007EBF4A /* Users.swift in Sources */ = {isa = PBXBuildFile; fileRef = 5440999D26422081007EBF4A /* Users.swift */; };
		54437C722679133C0057763F /* ProjectDetailView.swift in Sources */ = {isa = PBXBuildFile; fileRef = 54437C712679133C0057763F /* ProjectDetailView.swift */; };
		5452049F269B1B1B007444F0 /* AnnouncementDetailView.swift in Sources */ = {isa = PBXBuildFile; fileRef = 5452049E269B1B1B007444F0 /* AnnouncementDetailView.swift */; };
		5454C5232677EB7A00EC84DA /* Project.swift in Sources */ = {isa = PBXBuildFile; fileRef = 5454C5222677EB7A00EC84DA /* Project.swift */; };
		5454C52A2677ECB400EC84DA /* ProjectCardView.swift in Sources */ = {isa = PBXBuildFile; fileRef = 5454C5292677ECB400EC84DA /* ProjectCardView.swift */; };
		5457018D267CEEC200D93F68 /* NavAppearanceModifier.swift in Sources */ = {isa = PBXBuildFile; fileRef = 5457018C267CEEC200D93F68 /* NavAppearanceModifier.swift */; };
		5457018F267CF6B700D93F68 /* ProgressBar.swift in Sources */ = {isa = PBXBuildFile; fileRef = 5457018E267CF6B700D93F68 /* ProgressBar.swift */; };
		5461519B264C6BE000BC2719 /* RemoteImage.swift in Sources */ = {isa = PBXBuildFile; fileRef = 5461519A264C6BE000BC2719 /* RemoteImage.swift */; };
		5461519E264C6C0500BC2719 /* NetworkManager.swift in Sources */ = {isa = PBXBuildFile; fileRef = 5461519D264C6C0500BC2719 /* NetworkManager.swift */; };
		546151A1264C738A00BC2719 /* Felix.ttf in Resources */ = {isa = PBXBuildFile; fileRef = 546151A0264C738A00BC2719 /* Felix.ttf */; };
		546151A4264C740100BC2719 /* FelixTitling.ttf in Resources */ = {isa = PBXBuildFile; fileRef = 546151A3264C740100BC2719 /* FelixTitling.ttf */; };
		5462610826509ECF000E4592 /* ErrorMSGs.swift in Sources */ = {isa = PBXBuildFile; fileRef = 5462610726509ECF000E4592 /* ErrorMSGs.swift */; };
		54707100268AA5060057FA28 /* SettingsViewModel.swift in Sources */ = {isa = PBXBuildFile; fileRef = 547070FF268AA5060057FA28 /* SettingsViewModel.swift */; };
		54707102268AA70C0057FA28 /* DisplayNameChangeScreen.swift in Sources */ = {isa = PBXBuildFile; fileRef = 54707101268AA70C0057FA28 /* DisplayNameChangeScreen.swift */; };
		54707105268AABA50057FA28 /* TextBindingManager.swift in Sources */ = {isa = PBXBuildFile; fileRef = 54707104268AABA50057FA28 /* TextBindingManager.swift */; };
		54707107268B9DF10057FA28 /* Color+Hexcode.swift in Sources */ = {isa = PBXBuildFile; fileRef = 54707106268B9DF10057FA28 /* Color+Hexcode.swift */; };
		5483871C26754C9F00B40A78 /* Launch Screen.storyboard in Resources */ = {isa = PBXBuildFile; fileRef = 5483871B26754C9F00B40A78 /* Launch Screen.storyboard */; };
		54859AE52695DE200025ECA6 /* CameraDetail5.swift in Sources */ = {isa = PBXBuildFile; fileRef = 54859AE42695DE200025ECA6 /* CameraDetail5.swift */; };
		5487EDFA269C77AD009C7E0E /* NotificationViewModel.swift in Sources */ = {isa = PBXBuildFile; fileRef = 5487EDF9269C77AD009C7E0E /* NotificationViewModel.swift */; };
		5487EDFD269C8A11009C7E0E /* PushNotificationManager.swift in Sources */ = {isa = PBXBuildFile; fileRef = 5487EDFB269C8A11009C7E0E /* PushNotificationManager.swift */; };
		5487EDFE269C8A11009C7E0E /* PushNotificationSender.swift in Sources */ = {isa = PBXBuildFile; fileRef = 5487EDFC269C8A11009C7E0E /* PushNotificationSender.swift */; };
		548A35E22649D6A9008B9B4A /* Color + Ext.swift in Sources */ = {isa = PBXBuildFile; fileRef = 548A35E12649D6A9008B9B4A /* Color + Ext.swift */; };
		548A35EA2649FFC9008B9B4A /* RoleCodeScreen.swift in Sources */ = {isa = PBXBuildFile; fileRef = 548A35E92649FFC9008B9B4A /* RoleCodeScreen.swift */; };
		548C3F8D2630BED600EFD1C0 /* ContentView.swift in Sources */ = {isa = PBXBuildFile; fileRef = 548C3F8C2630BED600EFD1C0 /* ContentView.swift */; };
		549259EE26937EBF0071A45C /* Publisher+Assign.swift in Sources */ = {isa = PBXBuildFile; fileRef = 549259ED26937EBF0071A45C /* Publisher+Assign.swift */; };
		54933279263C51C6001C1D24 /* HomeView2.swift in Sources */ = {isa = PBXBuildFile; fileRef = 54933278263C51C6001C1D24 /* HomeView2.swift */; };
		5493327D263C5214001C1D24 /* AnnouncementViewModel.swift in Sources */ = {isa = PBXBuildFile; fileRef = 5493327C263C5214001C1D24 /* AnnouncementViewModel.swift */; };
		54933280263C5295001C1D24 /* AnnouncementAddView.swift in Sources */ = {isa = PBXBuildFile; fileRef = 5493327F263C5295001C1D24 /* AnnouncementAddView.swift */; };
		5499097026B18A4F00C200C1 /* EditingCourseView.swift in Sources */ = {isa = PBXBuildFile; fileRef = 5499096F26B18A4F00C200C1 /* EditingCourseView.swift */; };
		5499097226B18AB800C200C1 /* AudioCourseView.swift in Sources */ = {isa = PBXBuildFile; fileRef = 5499097126B18AB800C200C1 /* AudioCourseView.swift */; };
		5499097426B18FD900C200C1 /* ProjectsView2.swift in Sources */ = {isa = PBXBuildFile; fileRef = 5499097326B18FD900C200C1 /* ProjectsView2.swift */; };
		549D223126A5DDAD00DBED7B /* GoogleService-Info.plist in Resources */ = {isa = PBXBuildFile; fileRef = 549D223026A5DDAD00DBED7B /* GoogleService-Info.plist */; };
		54A8B5D3264D6770003B749C /* ButtonStyles.swift in Sources */ = {isa = PBXBuildFile; fileRef = 54A8B5D2264D6770003B749C /* ButtonStyles.swift */; };
		54A8B5D6264D6AB4003B749C /* AllAnnouncements.swift in Sources */ = {isa = PBXBuildFile; fileRef = 54A8B5D5264D6AB4003B749C /* AllAnnouncements.swift */; };
		54A8B5DB264DC853003B749C /* CameraDetailView3.swift in Sources */ = {isa = PBXBuildFile; fileRef = 54A8B5DA264DC853003B749C /* CameraDetailView3.swift */; };
		54AB3B562655999C0073EB35 /* CustomTabBar.swift in Sources */ = {isa = PBXBuildFile; fileRef = 54AB3B552655999C0073EB35 /* CustomTabBar.swift */; };
		54AB3B5A2655AF1D0073EB35 /* Color+Codable.swift in Sources */ = {isa = PBXBuildFile; fileRef = 54AB3B592655AF1D0073EB35 /* Color+Codable.swift */; };
		54AEEB90262BB9930040A559 /* LoginView.swift in Sources */ = {isa = PBXBuildFile; fileRef = 54AEEB8F262BB9930040A559 /* LoginView.swift */; };
		54B00A6D26B08BAE009092CD /* CourseSectionModel.swift in Sources */ = {isa = PBXBuildFile; fileRef = 54B00A6C26B08BAE009092CD /* CourseSectionModel.swift */; };
		54B00A7126B09BF4009092CD /* CameraCourseView.swift in Sources */ = {isa = PBXBuildFile; fileRef = 54B00A7026B09BF4009092CD /* CameraCourseView.swift */; };
		54B00A7326B09C55009092CD /* UIScreen Extension.swift in Sources */ = {isa = PBXBuildFile; fileRef = 54B00A7226B09C55009092CD /* UIScreen Extension.swift */; };
		54BBA4C926320B300021536D /* SearchBar.swift in Sources */ = {isa = PBXBuildFile; fileRef = 54BBA4C826320B300021536D /* SearchBar.swift */; };
		54BBA4CF263216EA0021536D /* Announcement.swift in Sources */ = {isa = PBXBuildFile; fileRef = 54BBA4CE263216EA0021536D /* Announcement.swift */; };
		54BBA4D2263217C90021536D /* AnnouncementCardView.swift in Sources */ = {isa = PBXBuildFile; fileRef = 54BBA4D1263217C90021536D /* AnnouncementCardView.swift */; };
		54C1BBBD265022CE00C8FF22 /* CameraDetailView4.swift in Sources */ = {isa = PBXBuildFile; fileRef = 54C1BBBC265022CE00C8FF22 /* CameraDetailView4.swift */; };
		54D636582654526900480CF3 /* AvenirLTStd-Book.otf in Resources */ = {isa = PBXBuildFile; fileRef = 54D636552654526900480CF3 /* AvenirLTStd-Book.otf */; };
		54D636592654526900480CF3 /* AvenirLTStd-Roman.otf in Resources */ = {isa = PBXBuildFile; fileRef = 54D636562654526900480CF3 /* AvenirLTStd-Roman.otf */; };
		54D6365A2654526900480CF3 /* AvenirLTStd-Black.otf in Resources */ = {isa = PBXBuildFile; fileRef = 54D636572654526900480CF3 /* AvenirLTStd-Black.otf */; };
		54E2442C263F922000D1B693 /* InfoScreen.swift in Sources */ = {isa = PBXBuildFile; fileRef = 54E2442B263F922000D1B693 /* InfoScreen.swift */; };
		54ECF17526B1A69800534D32 /* AsyncImage.swift in Sources */ = {isa = PBXBuildFile; fileRef = 54ECF17026B1A69700534D32 /* AsyncImage.swift */; };
		54ECF17626B1A69800534D32 /* ImageLoader.swift in Sources */ = {isa = PBXBuildFile; fileRef = 54ECF17126B1A69800534D32 /* ImageLoader.swift */; };
		54ECF17726B1A69800534D32 /* AsyncImageView.swift in Sources */ = {isa = PBXBuildFile; fileRef = 54ECF17226B1A69800534D32 /* AsyncImageView.swift */; };
		54ECF17826B1A69800534D32 /* EnvironmentValues+ImageCache.swift in Sources */ = {isa = PBXBuildFile; fileRef = 54ECF17326B1A69800534D32 /* EnvironmentValues+ImageCache.swift */; };
		54ECF17926B1A69800534D32 /* ImageCache.swift in Sources */ = {isa = PBXBuildFile; fileRef = 54ECF17426B1A69800534D32 /* ImageCache.swift */; };
		54F5B9BE2628E07C001846E6 /* ComputerItemDetailedView.swift in Sources */ = {isa = PBXBuildFile; fileRef = 54F5B9BD2628E07C001846E6 /* ComputerItemDetailedView.swift */; };
		54F5B9C12628E18B001846E6 /* AudioItemDetailedView.swift in Sources */ = {isa = PBXBuildFile; fileRef = 54F5B9C02628E18B001846E6 /* AudioItemDetailedView.swift */; };
		54F5B9C42628E215001846E6 /* MiscItemDetailedView.swift in Sources */ = {isa = PBXBuildFile; fileRef = 54F5B9C32628E215001846E6 /* MiscItemDetailedView.swift */; };
		54FD8360268C02D100AB530C /* DataStore.swift in Sources */ = {isa = PBXBuildFile; fileRef = 54FD835F268C02D100AB530C /* DataStore.swift */; };
		DAB328010F53D22C0AF95C45 /* Pods_Element_Compound.framework in Frameworks */ = {isa = PBXBuildFile; fileRef = E5A768F2986036DFE58B81BA /* Pods_Element_Compound.framework */; };
/* End PBXBuildFile section */

/* Begin PBXFileReference section */
		54001D51269F3B5E00249C4E /* CustomPlayer.swift */ = {isa = PBXFileReference; lastKnownFileType = sourcecode.swift; path = CustomPlayer.swift; sourceTree = "<group>"; };
		54001D55269F4DE100249C4E /* IngredientsPicker.swift */ = {isa = PBXFileReference; fileEncoding = 4; lastKnownFileType = sourcecode.swift; path = IngredientsPicker.swift; sourceTree = "<group>"; };
		540A83A026B2E7A900386660 /* CameraListSection.swift */ = {isa = PBXFileReference; lastKnownFileType = sourcecode.swift; path = CameraListSection.swift; sourceTree = "<group>"; };
		540A83A226B2EA5900386660 /* LoadingView.swift */ = {isa = PBXFileReference; lastKnownFileType = sourcecode.swift; path = LoadingView.swift; sourceTree = "<group>"; };
		5423FEE2267E10D30015ACC8 /* ProjectViewModel2.swift */ = {isa = PBXFileReference; lastKnownFileType = sourcecode.swift; path = ProjectViewModel2.swift; sourceTree = "<group>"; };
		5423FEE4267E12290015ACC8 /* ProjectsViewModel2.swift */ = {isa = PBXFileReference; lastKnownFileType = sourcecode.swift; path = ProjectsViewModel2.swift; sourceTree = "<group>"; };
		5423FEE6267E22380015ACC8 /* LinkedText.swift */ = {isa = PBXFileReference; lastKnownFileType = sourcecode.swift; path = LinkedText.swift; sourceTree = "<group>"; };
		5423FEE8267E26620015ACC8 /* ProjectEditView2.swift */ = {isa = PBXFileReference; lastKnownFileType = sourcecode.swift; path = ProjectEditView2.swift; sourceTree = "<group>"; };
		5429AF84264628EF00422295 /* MailView.swift */ = {isa = PBXFileReference; lastKnownFileType = sourcecode.swift; path = MailView.swift; sourceTree = "<group>"; };
		542EAB56261281EB008645CB /* CameraItemDetailedView.swift */ = {isa = PBXFileReference; lastKnownFileType = sourcecode.swift; path = CameraItemDetailedView.swift; sourceTree = "<group>"; };
		54388241269DCCD3008529A4 /* LenseItemDetailedView.swift */ = {isa = PBXFileReference; lastKnownFileType = sourcecode.swift; path = LenseItemDetailedView.swift; sourceTree = "<group>"; };
		54388243269DD03B008529A4 /* EmptyState.swift */ = {isa = PBXFileReference; lastKnownFileType = sourcecode.swift; path = EmptyState.swift; sourceTree = "<group>"; };
		54388245269DD129008529A4 /* png-transparent-black-and-yellow-exclamation-point-danger-signage-icon-danger-tape-s-angle-triangle-warning-sign.png */ = {isa = PBXFileReference; lastKnownFileType = image.png; path = "png-transparent-black-and-yellow-exclamation-point-danger-signage-icon-danger-tape-s-angle-triangle-warning-sign.png"; sourceTree = "<group>"; };
		5439CE8D260FF37B00DCC5A6 /* Element Compound.app */ = {isa = PBXFileReference; explicitFileType = wrapper.application; includeInIndex = 0; path = "Element Compound.app"; sourceTree = BUILT_PRODUCTS_DIR; };
		5439CE90260FF37B00DCC5A6 /* Element_CompoundApp.swift */ = {isa = PBXFileReference; lastKnownFileType = sourcecode.swift; path = Element_CompoundApp.swift; sourceTree = "<group>"; };
		5439CE92260FF37B00DCC5A6 /* InventoryListView.swift */ = {isa = PBXFileReference; lastKnownFileType = sourcecode.swift; path = InventoryListView.swift; sourceTree = "<group>"; };
		5439CE94260FF37C00DCC5A6 /* Assets.xcassets */ = {isa = PBXFileReference; lastKnownFileType = folder.assetcatalog; path = Assets.xcassets; sourceTree = "<group>"; };
		5439CE97260FF37C00DCC5A6 /* Preview Assets.xcassets */ = {isa = PBXFileReference; lastKnownFileType = folder.assetcatalog; path = "Preview Assets.xcassets"; sourceTree = "<group>"; };
		5439CEA0260FF3BF00DCC5A6 /* InventoryItems.swift */ = {isa = PBXFileReference; lastKnownFileType = sourcecode.swift; path = InventoryItems.swift; sourceTree = "<group>"; };
		543B6638264ABBF300992350 /* Info.plist */ = {isa = PBXFileReference; lastKnownFileType = text.plist.xml; path = Info.plist; sourceTree = "<group>"; };
		543B663F264ABFCF00992350 /* Poppins-Thin.ttf */ = {isa = PBXFileReference; lastKnownFileType = file; path = "Poppins-Thin.ttf"; sourceTree = "<group>"; };
		543B6642264ABFF000992350 /* Poppins-Black.ttf */ = {isa = PBXFileReference; lastKnownFileType = file; path = "Poppins-Black.ttf"; sourceTree = "<group>"; };
		543B6645264AC04F00992350 /* Poppins-Regular.ttf */ = {isa = PBXFileReference; lastKnownFileType = file; path = "Poppins-Regular.ttf"; sourceTree = "<group>"; };
		543B664C264AC72200992350 /* Felixti.ttf */ = {isa = PBXFileReference; lastKnownFileType = file; path = Felixti.ttf; sourceTree = "<group>"; };
		543B664F264B248500992350 /* CameraDetailView2.swift */ = {isa = PBXFileReference; lastKnownFileType = sourcecode.swift; path = CameraDetailView2.swift; sourceTree = "<group>"; };
		543DC5FE263B3D2100D807C1 /* AnnouncementsViewModel.swift */ = {isa = PBXFileReference; lastKnownFileType = sourcecode.swift; path = AnnouncementsViewModel.swift; sourceTree = "<group>"; };
		543E7BA0262A1766004FDF51 /* CoursesView.swift */ = {isa = PBXFileReference; lastKnownFileType = sourcecode.swift; path = CoursesView.swift; sourceTree = "<group>"; };
		543E7BA3262A1773004FDF51 /* ProjectsView.swift */ = {isa = PBXFileReference; lastKnownFileType = sourcecode.swift; path = ProjectsView.swift; sourceTree = "<group>"; };
		543E7BA6262A1976004FDF51 /* TabView.swift */ = {isa = PBXFileReference; lastKnownFileType = sourcecode.swift; path = TabView.swift; sourceTree = "<group>"; };
		543E7BA9262A1F96004FDF51 /* SettingsView.swift */ = {isa = PBXFileReference; lastKnownFileType = sourcecode.swift; path = SettingsView.swift; sourceTree = "<group>"; };
		543E7BAC262A258D004FDF51 /* InventoryListCellView.swift */ = {isa = PBXFileReference; lastKnownFileType = sourcecode.swift; path = InventoryListCellView.swift; sourceTree = "<group>"; };
		5440999D26422081007EBF4A /* Users.swift */ = {isa = PBXFileReference; lastKnownFileType = sourcecode.swift; path = Users.swift; sourceTree = "<group>"; };
		54437C712679133C0057763F /* ProjectDetailView.swift */ = {isa = PBXFileReference; lastKnownFileType = sourcecode.swift; path = ProjectDetailView.swift; sourceTree = "<group>"; };
		5452049E269B1B1B007444F0 /* AnnouncementDetailView.swift */ = {isa = PBXFileReference; lastKnownFileType = sourcecode.swift; path = AnnouncementDetailView.swift; sourceTree = "<group>"; };
		5454C5222677EB7A00EC84DA /* Project.swift */ = {isa = PBXFileReference; lastKnownFileType = sourcecode.swift; path = Project.swift; sourceTree = "<group>"; };
		5454C5292677ECB400EC84DA /* ProjectCardView.swift */ = {isa = PBXFileReference; lastKnownFileType = sourcecode.swift; path = ProjectCardView.swift; sourceTree = "<group>"; };
		5457018C267CEEC200D93F68 /* NavAppearanceModifier.swift */ = {isa = PBXFileReference; lastKnownFileType = sourcecode.swift; path = NavAppearanceModifier.swift; sourceTree = "<group>"; };
		5457018E267CF6B700D93F68 /* ProgressBar.swift */ = {isa = PBXFileReference; lastKnownFileType = sourcecode.swift; path = ProgressBar.swift; sourceTree = "<group>"; };
		5461519A264C6BE000BC2719 /* RemoteImage.swift */ = {isa = PBXFileReference; lastKnownFileType = sourcecode.swift; path = RemoteImage.swift; sourceTree = "<group>"; };
		5461519D264C6C0500BC2719 /* NetworkManager.swift */ = {isa = PBXFileReference; lastKnownFileType = sourcecode.swift; path = NetworkManager.swift; sourceTree = "<group>"; };
		546151A0264C738A00BC2719 /* Felix.ttf */ = {isa = PBXFileReference; lastKnownFileType = file; path = Felix.ttf; sourceTree = "<group>"; };
		546151A3264C740100BC2719 /* FelixTitling.ttf */ = {isa = PBXFileReference; lastKnownFileType = file; path = FelixTitling.ttf; sourceTree = "<group>"; };
		5462610726509ECF000E4592 /* ErrorMSGs.swift */ = {isa = PBXFileReference; lastKnownFileType = sourcecode.swift; path = ErrorMSGs.swift; sourceTree = "<group>"; };
		547070FF268AA5060057FA28 /* SettingsViewModel.swift */ = {isa = PBXFileReference; lastKnownFileType = sourcecode.swift; path = SettingsViewModel.swift; sourceTree = "<group>"; };
		54707101268AA70C0057FA28 /* DisplayNameChangeScreen.swift */ = {isa = PBXFileReference; lastKnownFileType = sourcecode.swift; path = DisplayNameChangeScreen.swift; sourceTree = "<group>"; };
		54707104268AABA50057FA28 /* TextBindingManager.swift */ = {isa = PBXFileReference; lastKnownFileType = sourcecode.swift; path = TextBindingManager.swift; sourceTree = "<group>"; };
		54707106268B9DF10057FA28 /* Color+Hexcode.swift */ = {isa = PBXFileReference; lastKnownFileType = sourcecode.swift; path = "Color+Hexcode.swift"; sourceTree = "<group>"; };
		5483871B26754C9F00B40A78 /* Launch Screen.storyboard */ = {isa = PBXFileReference; lastKnownFileType = file.storyboard; path = "Launch Screen.storyboard"; sourceTree = "<group>"; };
		54859AE42695DE200025ECA6 /* CameraDetail5.swift */ = {isa = PBXFileReference; lastKnownFileType = sourcecode.swift; path = CameraDetail5.swift; sourceTree = "<group>"; };
		5487EDF9269C77AD009C7E0E /* NotificationViewModel.swift */ = {isa = PBXFileReference; lastKnownFileType = sourcecode.swift; path = NotificationViewModel.swift; sourceTree = "<group>"; };
		5487EDFB269C8A11009C7E0E /* PushNotificationManager.swift */ = {isa = PBXFileReference; fileEncoding = 4; lastKnownFileType = sourcecode.swift; path = PushNotificationManager.swift; sourceTree = "<group>"; };
		5487EDFC269C8A11009C7E0E /* PushNotificationSender.swift */ = {isa = PBXFileReference; fileEncoding = 4; lastKnownFileType = sourcecode.swift; path = PushNotificationSender.swift; sourceTree = "<group>"; };
		548A35E12649D6A9008B9B4A /* Color + Ext.swift */ = {isa = PBXFileReference; lastKnownFileType = sourcecode.swift; path = "Color + Ext.swift"; sourceTree = "<group>"; };
		548A35E92649FFC9008B9B4A /* RoleCodeScreen.swift */ = {isa = PBXFileReference; lastKnownFileType = sourcecode.swift; path = RoleCodeScreen.swift; sourceTree = "<group>"; };
		548A35EC264A1307008B9B4A /* Element Compound.entitlements */ = {isa = PBXFileReference; lastKnownFileType = text.plist.entitlements; path = "Element Compound.entitlements"; sourceTree = "<group>"; };
		548C3F8C2630BED600EFD1C0 /* ContentView.swift */ = {isa = PBXFileReference; lastKnownFileType = sourcecode.swift; path = ContentView.swift; sourceTree = "<group>"; };
		549259ED26937EBF0071A45C /* Publisher+Assign.swift */ = {isa = PBXFileReference; lastKnownFileType = sourcecode.swift; path = "Publisher+Assign.swift"; sourceTree = "<group>"; };
		54933278263C51C6001C1D24 /* HomeView2.swift */ = {isa = PBXFileReference; lastKnownFileType = sourcecode.swift; path = HomeView2.swift; sourceTree = "<group>"; };
		5493327C263C5214001C1D24 /* AnnouncementViewModel.swift */ = {isa = PBXFileReference; lastKnownFileType = sourcecode.swift; path = AnnouncementViewModel.swift; sourceTree = "<group>"; };
		5493327F263C5295001C1D24 /* AnnouncementAddView.swift */ = {isa = PBXFileReference; lastKnownFileType = sourcecode.swift; path = AnnouncementAddView.swift; sourceTree = "<group>"; };
		5499096F26B18A4F00C200C1 /* EditingCourseView.swift */ = {isa = PBXFileReference; lastKnownFileType = sourcecode.swift; path = EditingCourseView.swift; sourceTree = "<group>"; };
		5499097126B18AB800C200C1 /* AudioCourseView.swift */ = {isa = PBXFileReference; lastKnownFileType = sourcecode.swift; path = AudioCourseView.swift; sourceTree = "<group>"; };
		5499097326B18FD900C200C1 /* ProjectsView2.swift */ = {isa = PBXFileReference; lastKnownFileType = sourcecode.swift; path = ProjectsView2.swift; sourceTree = "<group>"; };
		549D223026A5DDAD00DBED7B /* GoogleService-Info.plist */ = {isa = PBXFileReference; fileEncoding = 4; lastKnownFileType = text.plist.xml; path = "GoogleService-Info.plist"; sourceTree = "<group>"; };
		54A8B5D2264D6770003B749C /* ButtonStyles.swift */ = {isa = PBXFileReference; lastKnownFileType = sourcecode.swift; path = ButtonStyles.swift; sourceTree = "<group>"; };
		54A8B5D5264D6AB4003B749C /* AllAnnouncements.swift */ = {isa = PBXFileReference; lastKnownFileType = sourcecode.swift; path = AllAnnouncements.swift; sourceTree = "<group>"; };
		54A8B5DA264DC853003B749C /* CameraDetailView3.swift */ = {isa = PBXFileReference; lastKnownFileType = sourcecode.swift; path = CameraDetailView3.swift; sourceTree = "<group>"; };
		54AB3B552655999C0073EB35 /* CustomTabBar.swift */ = {isa = PBXFileReference; lastKnownFileType = sourcecode.swift; path = CustomTabBar.swift; sourceTree = "<group>"; };
		54AB3B592655AF1D0073EB35 /* Color+Codable.swift */ = {isa = PBXFileReference; lastKnownFileType = sourcecode.swift; path = "Color+Codable.swift"; sourceTree = "<group>"; };
		54AEEB8F262BB9930040A559 /* LoginView.swift */ = {isa = PBXFileReference; lastKnownFileType = sourcecode.swift; path = LoginView.swift; sourceTree = "<group>"; };
		54B00A6C26B08BAE009092CD /* CourseSectionModel.swift */ = {isa = PBXFileReference; lastKnownFileType = sourcecode.swift; path = CourseSectionModel.swift; sourceTree = "<group>"; };
		54B00A7026B09BF4009092CD /* CameraCourseView.swift */ = {isa = PBXFileReference; lastKnownFileType = sourcecode.swift; path = CameraCourseView.swift; sourceTree = "<group>"; };
		54B00A7226B09C55009092CD /* UIScreen Extension.swift */ = {isa = PBXFileReference; lastKnownFileType = sourcecode.swift; path = "UIScreen Extension.swift"; sourceTree = "<group>"; };
		54BBA4C826320B300021536D /* SearchBar.swift */ = {isa = PBXFileReference; lastKnownFileType = sourcecode.swift; path = SearchBar.swift; sourceTree = "<group>"; };
		54BBA4CE263216EA0021536D /* Announcement.swift */ = {isa = PBXFileReference; lastKnownFileType = sourcecode.swift; path = Announcement.swift; sourceTree = "<group>"; };
		54BBA4D1263217C90021536D /* AnnouncementCardView.swift */ = {isa = PBXFileReference; lastKnownFileType = sourcecode.swift; path = AnnouncementCardView.swift; sourceTree = "<group>"; };
		54C1BBBC265022CE00C8FF22 /* CameraDetailView4.swift */ = {isa = PBXFileReference; lastKnownFileType = sourcecode.swift; path = CameraDetailView4.swift; sourceTree = "<group>"; };
		54D636552654526900480CF3 /* AvenirLTStd-Book.otf */ = {isa = PBXFileReference; lastKnownFileType = file; path = "AvenirLTStd-Book.otf"; sourceTree = "<group>"; };
		54D636562654526900480CF3 /* AvenirLTStd-Roman.otf */ = {isa = PBXFileReference; lastKnownFileType = file; path = "AvenirLTStd-Roman.otf"; sourceTree = "<group>"; };
		54D636572654526900480CF3 /* AvenirLTStd-Black.otf */ = {isa = PBXFileReference; lastKnownFileType = file; path = "AvenirLTStd-Black.otf"; sourceTree = "<group>"; };
		54E2442B263F922000D1B693 /* InfoScreen.swift */ = {isa = PBXFileReference; lastKnownFileType = sourcecode.swift; path = InfoScreen.swift; sourceTree = "<group>"; };
		54ECF17026B1A69700534D32 /* AsyncImage.swift */ = {isa = PBXFileReference; fileEncoding = 4; lastKnownFileType = sourcecode.swift; path = AsyncImage.swift; sourceTree = "<group>"; };
		54ECF17126B1A69800534D32 /* ImageLoader.swift */ = {isa = PBXFileReference; fileEncoding = 4; lastKnownFileType = sourcecode.swift; path = ImageLoader.swift; sourceTree = "<group>"; };
		54ECF17226B1A69800534D32 /* AsyncImageView.swift */ = {isa = PBXFileReference; fileEncoding = 4; lastKnownFileType = sourcecode.swift; path = AsyncImageView.swift; sourceTree = "<group>"; };
		54ECF17326B1A69800534D32 /* EnvironmentValues+ImageCache.swift */ = {isa = PBXFileReference; fileEncoding = 4; lastKnownFileType = sourcecode.swift; path = "EnvironmentValues+ImageCache.swift"; sourceTree = "<group>"; };
		54ECF17426B1A69800534D32 /* ImageCache.swift */ = {isa = PBXFileReference; fileEncoding = 4; lastKnownFileType = sourcecode.swift; path = ImageCache.swift; sourceTree = "<group>"; };
		54F5B9BD2628E07C001846E6 /* ComputerItemDetailedView.swift */ = {isa = PBXFileReference; lastKnownFileType = sourcecode.swift; path = ComputerItemDetailedView.swift; sourceTree = "<group>"; };
		54F5B9C02628E18B001846E6 /* AudioItemDetailedView.swift */ = {isa = PBXFileReference; lastKnownFileType = sourcecode.swift; path = AudioItemDetailedView.swift; sourceTree = "<group>"; };
		54F5B9C32628E215001846E6 /* MiscItemDetailedView.swift */ = {isa = PBXFileReference; lastKnownFileType = sourcecode.swift; path = MiscItemDetailedView.swift; sourceTree = "<group>"; };
		54FD835F268C02D100AB530C /* DataStore.swift */ = {isa = PBXFileReference; lastKnownFileType = sourcecode.swift; path = DataStore.swift; sourceTree = "<group>"; };
		830855C6B59589D064BAED85 /* Pods-Element Compound.release.xcconfig */ = {isa = PBXFileReference; includeInIndex = 1; lastKnownFileType = text.xcconfig; name = "Pods-Element Compound.release.xcconfig"; path = "Target Support Files/Pods-Element Compound/Pods-Element Compound.release.xcconfig"; sourceTree = "<group>"; };
		E30D470D52F55E4131C75708 /* Pods-Element Compound.debug.xcconfig */ = {isa = PBXFileReference; includeInIndex = 1; lastKnownFileType = text.xcconfig; name = "Pods-Element Compound.debug.xcconfig"; path = "Target Support Files/Pods-Element Compound/Pods-Element Compound.debug.xcconfig"; sourceTree = "<group>"; };
		E5A768F2986036DFE58B81BA /* Pods_Element_Compound.framework */ = {isa = PBXFileReference; explicitFileType = wrapper.framework; includeInIndex = 0; path = Pods_Element_Compound.framework; sourceTree = BUILT_PRODUCTS_DIR; };
/* End PBXFileReference section */

/* Begin PBXFrameworksBuildPhase section */
		5439CE8A260FF37B00DCC5A6 /* Frameworks */ = {
			isa = PBXFrameworksBuildPhase;
			buildActionMask = 2147483647;
			files = (
				543C4A4726A71B6100D9DF67 /* URLImageStore in Frameworks */,
				543C4A4926A71B6100D9DF67 /* URLImage in Frameworks */,
				DAB328010F53D22C0AF95C45 /* Pods_Element_Compound.framework in Frameworks */,
			);
			runOnlyForDeploymentPostprocessing = 0;
		};
/* End PBXFrameworksBuildPhase section */

/* Begin PBXGroup section */
		1BD49C4188F515153AEC294F /* Frameworks */ = {
			isa = PBXGroup;
			children = (
				E5A768F2986036DFE58B81BA /* Pods_Element_Compound.framework */,
			);
			name = Frameworks;
			sourceTree = "<group>";
		};
		540A839E26B2E76C00386660 /* Inventory Detail Views */ = {
			isa = PBXGroup;
			children = (
				542EAB56261281EB008645CB /* CameraItemDetailedView.swift */,
				543B664F264B248500992350 /* CameraDetailView2.swift */,
				54A8B5DA264DC853003B749C /* CameraDetailView3.swift */,
				54C1BBBC265022CE00C8FF22 /* CameraDetailView4.swift */,
				54859AE42695DE200025ECA6 /* CameraDetail5.swift */,
				54F5B9BD2628E07C001846E6 /* ComputerItemDetailedView.swift */,
				54F5B9C02628E18B001846E6 /* AudioItemDetailedView.swift */,
				54F5B9C32628E215001846E6 /* MiscItemDetailedView.swift */,
				54388241269DCCD3008529A4 /* LenseItemDetailedView.swift */,
			);
			path = "Inventory Detail Views";
			sourceTree = "<group>";
		};
		540A839F26B2E78700386660 /* Inventory List Sections */ = {
			isa = PBXGroup;
			children = (
				540A83A026B2E7A900386660 /* CameraListSection.swift */,
			);
			path = "Inventory List Sections";
			sourceTree = "<group>";
		};
		5439CE84260FF37A00DCC5A6 = {
			isa = PBXGroup;
			children = (
				5439CE8F260FF37B00DCC5A6 /* Element Compound */,
				5439CE8E260FF37B00DCC5A6 /* Products */,
				E6978BBADDF56ED28FC85115 /* Pods */,
				1BD49C4188F515153AEC294F /* Frameworks */,
			);
			sourceTree = "<group>";
		};
		5439CE8E260FF37B00DCC5A6 /* Products */ = {
			isa = PBXGroup;
			children = (
				5439CE8D260FF37B00DCC5A6 /* Element Compound.app */,
			);
			name = Products;
			sourceTree = "<group>";
		};
		5439CE8F260FF37B00DCC5A6 /* Element Compound */ = {
			isa = PBXGroup;
			children = (
				548A35EC264A1307008B9B4A /* Element Compound.entitlements */,
				5487EDF7269C711B009C7E0E /* Login */,
				54BBA4CD263216AF0021536D /* Home Screen */,
				54BBA4CC2632168A0021536D /* Announcements */,
				543E7BEE262A754E004FDF51 /* Inventory Screen */,
				5487EDF8269C7167009C7E0E /* Courses */,
				5454C5242677EB8700EC84DA /* Projects */,
				548A35E82649FFA7008B9B4A /* Settings Screen */,
				54B455192672A54D00E2F62F /* Tab Bar */,
				54707103268AAB740057FA28 /* Utilities */,
				54CE4C7126988F5B00D398DC /* Fonts */,
				543B6638264ABBF300992350 /* Info.plist */,
				5439CE94260FF37C00DCC5A6 /* Assets.xcassets */,
				54388245269DD129008529A4 /* png-transparent-black-and-yellow-exclamation-point-danger-signage-icon-danger-tape-s-angle-triangle-warning-sign.png */,
				5439CE96260FF37C00DCC5A6 /* Preview Content */,
			);
			path = "Element Compound";
			sourceTree = "<group>";
		};
		5439CE96260FF37C00DCC5A6 /* Preview Content */ = {
			isa = PBXGroup;
			children = (
				5439CE97260FF37C00DCC5A6 /* Preview Assets.xcassets */,
			);
			path = "Preview Content";
			sourceTree = "<group>";
		};
		543E7BEE262A754E004FDF51 /* Inventory Screen */ = {
			isa = PBXGroup;
			children = (
				5439CEA0260FF3BF00DCC5A6 /* InventoryItems.swift */,
				543E7BAC262A258D004FDF51 /* InventoryListCellView.swift */,
				5439CE92260FF37B00DCC5A6 /* InventoryListView.swift */,
				540A839F26B2E78700386660 /* Inventory List Sections */,
				540A839E26B2E76C00386660 /* Inventory Detail Views */,
			);
			path = "Inventory Screen";
			sourceTree = "<group>";
		};
		5445F75226B1A6330023E3C6 /* AsyncImage iOS14 */ = {
			isa = PBXGroup;
			children = (
				54ECF17026B1A69700534D32 /* AsyncImage.swift */,
				54ECF17226B1A69800534D32 /* AsyncImageView.swift */,
				54ECF17326B1A69800534D32 /* EnvironmentValues+ImageCache.swift */,
				54ECF17426B1A69800534D32 /* ImageCache.swift */,
				54ECF17126B1A69800534D32 /* ImageLoader.swift */,
			);
			path = "AsyncImage iOS14";
			sourceTree = "<group>";
		};
		5454C5242677EB8700EC84DA /* Projects */ = {
			isa = PBXGroup;
			children = (
				5454C5222677EB7A00EC84DA /* Project.swift */,
				5423FEE4267E12290015ACC8 /* ProjectsViewModel2.swift */,
				5423FEE2267E10D30015ACC8 /* ProjectViewModel2.swift */,
				543E7BA3262A1773004FDF51 /* ProjectsView.swift */,
				5499097326B18FD900C200C1 /* ProjectsView2.swift */,
				5454C5292677ECB400EC84DA /* ProjectCardView.swift */,
				5423FEE8267E26620015ACC8 /* ProjectEditView2.swift */,
				54437C712679133C0057763F /* ProjectDetailView.swift */,
				5457018E267CF6B700D93F68 /* ProgressBar.swift */,
			);
			path = Projects;
			sourceTree = "<group>";
		};
		54707103268AAB740057FA28 /* Utilities */ = {
			isa = PBXGroup;
			children = (
				5445F75226B1A6330023E3C6 /* AsyncImage iOS14 */,
				54001D51269F3B5E00249C4E /* CustomPlayer.swift */,
				54001D55269F4DE100249C4E /* IngredientsPicker.swift */,
				540A83A226B2EA5900386660 /* LoadingView.swift */,
				5461519D264C6C0500BC2719 /* NetworkManager.swift */,
				5461519A264C6BE000BC2719 /* RemoteImage.swift */,
				54388243269DD03B008529A4 /* EmptyState.swift */,
				54A8B5D2264D6770003B749C /* ButtonStyles.swift */,
				54B00A7226B09C55009092CD /* UIScreen Extension.swift */,
				549259ED26937EBF0071A45C /* Publisher+Assign.swift */,
				54FD835F268C02D100AB530C /* DataStore.swift */,
				5487EDFB269C8A11009C7E0E /* PushNotificationManager.swift */,
				5487EDFC269C8A11009C7E0E /* PushNotificationSender.swift */,
				54BBA4C826320B300021536D /* SearchBar.swift */,
				54707104268AABA50057FA28 /* TextBindingManager.swift */,
				5487EDF9269C77AD009C7E0E /* NotificationViewModel.swift */,
				5423FEE6267E22380015ACC8 /* LinkedText.swift */,
				548A35E12649D6A9008B9B4A /* Color + Ext.swift */,
				54AB3B592655AF1D0073EB35 /* Color+Codable.swift */,
				54707106268B9DF10057FA28 /* Color+Hexcode.swift */,
				5457018C267CEEC200D93F68 /* NavAppearanceModifier.swift */,
				5462610726509ECF000E4592 /* ErrorMSGs.swift */,
			);
			path = Utilities;
			sourceTree = "<group>";
		};
		5487EDF7269C711B009C7E0E /* Login */ = {
			isa = PBXGroup;
			children = (
				5483871B26754C9F00B40A78 /* Launch Screen.storyboard */,
				549D223026A5DDAD00DBED7B /* GoogleService-Info.plist */,
				5439CE90260FF37B00DCC5A6 /* Element_CompoundApp.swift */,
				5440999D26422081007EBF4A /* Users.swift */,
				548C3F8C2630BED600EFD1C0 /* ContentView.swift */,
				54AEEB8F262BB9930040A559 /* LoginView.swift */,
			);
			path = Login;
			sourceTree = "<group>";
		};
		5487EDF8269C7167009C7E0E /* Courses */ = {
			isa = PBXGroup;
			children = (
				54B00A6C26B08BAE009092CD /* CourseSectionModel.swift */,
				543E7BA0262A1766004FDF51 /* CoursesView.swift */,
				54B00A7026B09BF4009092CD /* CameraCourseView.swift */,
				5499096F26B18A4F00C200C1 /* EditingCourseView.swift */,
				5499097126B18AB800C200C1 /* AudioCourseView.swift */,
			);
			path = Courses;
			sourceTree = "<group>";
		};
		548A35E82649FFA7008B9B4A /* Settings Screen */ = {
			isa = PBXGroup;
			children = (
				543E7BA9262A1F96004FDF51 /* SettingsView.swift */,
				5429AF84264628EF00422295 /* MailView.swift */,
				54E2442B263F922000D1B693 /* InfoScreen.swift */,
				547070FF268AA5060057FA28 /* SettingsViewModel.swift */,
				54707101268AA70C0057FA28 /* DisplayNameChangeScreen.swift */,
				548A35E92649FFC9008B9B4A /* RoleCodeScreen.swift */,
			);
			path = "Settings Screen";
			sourceTree = "<group>";
		};
		54B455192672A54D00E2F62F /* Tab Bar */ = {
			isa = PBXGroup;
			children = (
				543E7BA6262A1976004FDF51 /* TabView.swift */,
				54AB3B552655999C0073EB35 /* CustomTabBar.swift */,
			);
			path = "Tab Bar";
			sourceTree = "<group>";
		};
		54BBA4CC2632168A0021536D /* Announcements */ = {
			isa = PBXGroup;
			children = (
				54BBA4CE263216EA0021536D /* Announcement.swift */,
				543DC5FE263B3D2100D807C1 /* AnnouncementsViewModel.swift */,
				5493327C263C5214001C1D24 /* AnnouncementViewModel.swift */,
				5493327F263C5295001C1D24 /* AnnouncementAddView.swift */,
				5452049E269B1B1B007444F0 /* AnnouncementDetailView.swift */,
				54BBA4D1263217C90021536D /* AnnouncementCardView.swift */,
				54A8B5D5264D6AB4003B749C /* AllAnnouncements.swift */,
			);
			path = Announcements;
			sourceTree = "<group>";
		};
		54BBA4CD263216AF0021536D /* Home Screen */ = {
			isa = PBXGroup;
			children = (
				54933278263C51C6001C1D24 /* HomeView2.swift */,
			);
			path = "Home Screen";
			sourceTree = "<group>";
		};
		54CE4C7126988F5B00D398DC /* Fonts */ = {
			isa = PBXGroup;
			children = (
				543B663F264ABFCF00992350 /* Poppins-Thin.ttf */,
				546151A0264C738A00BC2719 /* Felix.ttf */,
				546151A3264C740100BC2719 /* FelixTitling.ttf */,
				54D636572654526900480CF3 /* AvenirLTStd-Black.otf */,
				54D636552654526900480CF3 /* AvenirLTStd-Book.otf */,
				54D636562654526900480CF3 /* AvenirLTStd-Roman.otf */,
				543B6642264ABFF000992350 /* Poppins-Black.ttf */,
				543B664C264AC72200992350 /* Felixti.ttf */,
				543B6645264AC04F00992350 /* Poppins-Regular.ttf */,
			);
			path = Fonts;
			sourceTree = "<group>";
		};
		E6978BBADDF56ED28FC85115 /* Pods */ = {
			isa = PBXGroup;
			children = (
				E30D470D52F55E4131C75708 /* Pods-Element Compound.debug.xcconfig */,
				830855C6B59589D064BAED85 /* Pods-Element Compound.release.xcconfig */,
			);
			path = Pods;
			sourceTree = "<group>";
		};
/* End PBXGroup section */

/* Begin PBXNativeTarget section */
		5439CE8C260FF37B00DCC5A6 /* Element Compound */ = {
			isa = PBXNativeTarget;
			buildConfigurationList = 5439CE9C260FF37C00DCC5A6 /* Build configuration list for PBXNativeTarget "Element Compound" */;
			buildPhases = (
				D9E9DCA886DD16B48160025D /* [CP] Check Pods Manifest.lock */,
				5439CE89260FF37B00DCC5A6 /* Sources */,
				5439CE8A260FF37B00DCC5A6 /* Frameworks */,
				5439CE8B260FF37B00DCC5A6 /* Resources */,
				5EE86517805C740BF9E80D22 /* [CP] Embed Pods Frameworks */,
				C4B9A926E9AA5E4365DE9FD9 /* [CP] Copy Pods Resources */,
			);
			buildRules = (
			);
			dependencies = (
			);
			name = "Element Compound";
			packageProductDependencies = (
				543C4A4626A71B6100D9DF67 /* URLImageStore */,
				543C4A4826A71B6100D9DF67 /* URLImage */,
			);
			productName = "Element Compound";
			productReference = 5439CE8D260FF37B00DCC5A6 /* Element Compound.app */;
			productType = "com.apple.product-type.application";
		};
/* End PBXNativeTarget section */

/* Begin PBXProject section */
		5439CE85260FF37A00DCC5A6 /* Project object */ = {
			isa = PBXProject;
			attributes = {
				LastSwiftUpdateCheck = 1220;
				LastUpgradeCheck = 1220;
				TargetAttributes = {
					5439CE8C260FF37B00DCC5A6 = {
						CreatedOnToolsVersion = 12.2;
					};
				};
			};
			buildConfigurationList = 5439CE88260FF37A00DCC5A6 /* Build configuration list for PBXProject "Element Compound" */;
			compatibilityVersion = "Xcode 9.3";
			developmentRegion = en;
			hasScannedForEncodings = 0;
			knownRegions = (
				en,
				Base,
			);
			mainGroup = 5439CE84260FF37A00DCC5A6;
			packageReferences = (
				543C4A4526A71B6100D9DF67 /* XCRemoteSwiftPackageReference "url-image" */,
			);
			productRefGroup = 5439CE8E260FF37B00DCC5A6 /* Products */;
			projectDirPath = "";
			projectRoot = "";
			targets = (
				5439CE8C260FF37B00DCC5A6 /* Element Compound */,
			);
		};
/* End PBXProject section */

/* Begin PBXResourcesBuildPhase section */
		5439CE8B260FF37B00DCC5A6 /* Resources */ = {
			isa = PBXResourcesBuildPhase;
			buildActionMask = 2147483647;
			files = (
				5439CE98260FF37C00DCC5A6 /* Preview Assets.xcassets in Resources */,
				54D636582654526900480CF3 /* AvenirLTStd-Book.otf in Resources */,
				543B664D264AC72200992350 /* Felixti.ttf in Resources */,
				5483871C26754C9F00B40A78 /* Launch Screen.storyboard in Resources */,
				54388246269DD129008529A4 /* png-transparent-black-and-yellow-exclamation-point-danger-signage-icon-danger-tape-s-angle-triangle-warning-sign.png in Resources */,
				54D636592654526900480CF3 /* AvenirLTStd-Roman.otf in Resources */,
				543B6640264ABFCF00992350 /* Poppins-Thin.ttf in Resources */,
				546151A4264C740100BC2719 /* FelixTitling.ttf in Resources */,
				5439CE95260FF37C00DCC5A6 /* Assets.xcassets in Resources */,
				543B6646264AC04F00992350 /* Poppins-Regular.ttf in Resources */,
				546151A1264C738A00BC2719 /* Felix.ttf in Resources */,
				54D6365A2654526900480CF3 /* AvenirLTStd-Black.otf in Resources */,
				543B6643264ABFF100992350 /* Poppins-Black.ttf in Resources */,
				549D223126A5DDAD00DBED7B /* GoogleService-Info.plist in Resources */,
			);
			runOnlyForDeploymentPostprocessing = 0;
		};
/* End PBXResourcesBuildPhase section */

/* Begin PBXShellScriptBuildPhase section */
		5EE86517805C740BF9E80D22 /* [CP] Embed Pods Frameworks */ = {
			isa = PBXShellScriptBuildPhase;
			buildActionMask = 2147483647;
			files = (
			);
			inputFileListPaths = (
				"${PODS_ROOT}/Target Support Files/Pods-Element Compound/Pods-Element Compound-frameworks-${CONFIGURATION}-input-files.xcfilelist",
			);
			name = "[CP] Embed Pods Frameworks";
			outputFileListPaths = (
				"${PODS_ROOT}/Target Support Files/Pods-Element Compound/Pods-Element Compound-frameworks-${CONFIGURATION}-output-files.xcfilelist",
			);
			runOnlyForDeploymentPostprocessing = 0;
			shellPath = /bin/sh;
			shellScript = "\"${PODS_ROOT}/Target Support Files/Pods-Element Compound/Pods-Element Compound-frameworks.sh\"\n";
			showEnvVarsInLog = 0;
		};
		C4B9A926E9AA5E4365DE9FD9 /* [CP] Copy Pods Resources */ = {
			isa = PBXShellScriptBuildPhase;
			buildActionMask = 2147483647;
			files = (
			);
			inputFileListPaths = (
				"${PODS_ROOT}/Target Support Files/Pods-Element Compound/Pods-Element Compound-resources-${CONFIGURATION}-input-files.xcfilelist",
			);
			name = "[CP] Copy Pods Resources";
			outputFileListPaths = (
				"${PODS_ROOT}/Target Support Files/Pods-Element Compound/Pods-Element Compound-resources-${CONFIGURATION}-output-files.xcfilelist",
			);
			runOnlyForDeploymentPostprocessing = 0;
			shellPath = /bin/sh;
			shellScript = "\"${PODS_ROOT}/Target Support Files/Pods-Element Compound/Pods-Element Compound-resources.sh\"\n";
			showEnvVarsInLog = 0;
		};
		D9E9DCA886DD16B48160025D /* [CP] Check Pods Manifest.lock */ = {
			isa = PBXShellScriptBuildPhase;
			buildActionMask = 2147483647;
			files = (
			);
			inputFileListPaths = (
			);
			inputPaths = (
				"${PODS_PODFILE_DIR_PATH}/Podfile.lock",
				"${PODS_ROOT}/Manifest.lock",
			);
			name = "[CP] Check Pods Manifest.lock";
			outputFileListPaths = (
			);
			outputPaths = (
				"$(DERIVED_FILE_DIR)/Pods-Element Compound-checkManifestLockResult.txt",
			);
			runOnlyForDeploymentPostprocessing = 0;
			shellPath = /bin/sh;
			shellScript = "diff \"${PODS_PODFILE_DIR_PATH}/Podfile.lock\" \"${PODS_ROOT}/Manifest.lock\" > /dev/null\nif [ $? != 0 ] ; then\n    # print error to STDERR\n    echo \"error: The sandbox is not in sync with the Podfile.lock. Run 'pod install' or update your CocoaPods installation.\" >&2\n    exit 1\nfi\n# This output is used by Xcode 'outputs' to avoid re-running this script phase.\necho \"SUCCESS\" > \"${SCRIPT_OUTPUT_FILE_0}\"\n";
			showEnvVarsInLog = 0;
		};
/* End PBXShellScriptBuildPhase section */

/* Begin PBXSourcesBuildPhase section */
		5439CE89260FF37B00DCC5A6 /* Sources */ = {
			isa = PBXSourcesBuildPhase;
			buildActionMask = 2147483647;
			files = (
				548A35EA2649FFC9008B9B4A /* RoleCodeScreen.swift in Sources */,
				543DC5FF263B3D2100D807C1 /* AnnouncementsViewModel.swift in Sources */,
				5499097026B18A4F00C200C1 /* EditingCourseView.swift in Sources */,
				54AB3B562655999C0073EB35 /* CustomTabBar.swift in Sources */,
				54933280263C5295001C1D24 /* AnnouncementAddView.swift in Sources */,
				54859AE52695DE200025ECA6 /* CameraDetail5.swift in Sources */,
				5461519B264C6BE000BC2719 /* RemoteImage.swift in Sources */,
				54B00A7126B09BF4009092CD /* CameraCourseView.swift in Sources */,
				5454C5232677EB7A00EC84DA /* Project.swift in Sources */,
				5457018F267CF6B700D93F68 /* ProgressBar.swift in Sources */,
				54001D56269F4DE100249C4E /* IngredientsPicker.swift in Sources */,
				5499097226B18AB800C200C1 /* AudioCourseView.swift in Sources */,
				54BBA4D2263217C90021536D /* AnnouncementCardView.swift in Sources */,
				5452049F269B1B1B007444F0 /* AnnouncementDetailView.swift in Sources */,
				543B6650264B248500992350 /* CameraDetailView2.swift in Sources */,
				5423FEE9267E26620015ACC8 /* ProjectEditView2.swift in Sources */,
				543E7BA7262A1976004FDF51 /* TabView.swift in Sources */,
				54ECF17726B1A69800534D32 /* AsyncImageView.swift in Sources */,
				543E7BAD262A258D004FDF51 /* InventoryListCellView.swift in Sources */,
				54A8B5DB264DC853003B749C /* CameraDetailView3.swift in Sources */,
				548C3F8D2630BED600EFD1C0 /* ContentView.swift in Sources */,
				5423FEE5267E12290015ACC8 /* ProjectsViewModel2.swift in Sources */,
				54A8B5D3264D6770003B749C /* ButtonStyles.swift in Sources */,
				54ECF17926B1A69800534D32 /* ImageCache.swift in Sources */,
				543E7BA4262A1773004FDF51 /* ProjectsView.swift in Sources */,
				54707105268AABA50057FA28 /* TextBindingManager.swift in Sources */,
				5457018D267CEEC200D93F68 /* NavAppearanceModifier.swift in Sources */,
				54933279263C51C6001C1D24 /* HomeView2.swift in Sources */,
				5493327D263C5214001C1D24 /* AnnouncementViewModel.swift in Sources */,
				54ECF17526B1A69800534D32 /* AsyncImage.swift in Sources */,
				5462610826509ECF000E4592 /* ErrorMSGs.swift in Sources */,
				54AEEB90262BB9930040A559 /* LoginView.swift in Sources */,
				5487EDFD269C8A11009C7E0E /* PushNotificationManager.swift in Sources */,
				54B00A6D26B08BAE009092CD /* CourseSectionModel.swift in Sources */,
				54F5B9C42628E215001846E6 /* MiscItemDetailedView.swift in Sources */,
				5429AF85264628EF00422295 /* MailView.swift in Sources */,
				540A83A126B2E7A900386660 /* CameraListSection.swift in Sources */,
				54707107268B9DF10057FA28 /* Color+Hexcode.swift in Sources */,
				54707102268AA70C0057FA28 /* DisplayNameChangeScreen.swift in Sources */,
				54B00A7326B09C55009092CD /* UIScreen Extension.swift in Sources */,
				54001D52269F3B5E00249C4E /* CustomPlayer.swift in Sources */,
				5487EDFA269C77AD009C7E0E /* NotificationViewModel.swift in Sources */,
				549259EE26937EBF0071A45C /* Publisher+Assign.swift in Sources */,
				5499097426B18FD900C200C1 /* ProjectsView2.swift in Sources */,
				54FD8360268C02D100AB530C /* DataStore.swift in Sources */,
				5423FEE3267E10D30015ACC8 /* ProjectViewModel2.swift in Sources */,
				54ECF17826B1A69800534D32 /* EnvironmentValues+ImageCache.swift in Sources */,
				5439CE93260FF37B00DCC5A6 /* InventoryListView.swift in Sources */,
				5439CEA1260FF3BF00DCC5A6 /* InventoryItems.swift in Sources */,
				54437C722679133C0057763F /* ProjectDetailView.swift in Sources */,
				5454C52A2677ECB400EC84DA /* ProjectCardView.swift in Sources */,
				5461519E264C6C0500BC2719 /* NetworkManager.swift in Sources */,
				54C1BBBD265022CE00C8FF22 /* CameraDetailView4.swift in Sources */,
				54A8B5D6264D6AB4003B749C /* AllAnnouncements.swift in Sources */,
				54F5B9C12628E18B001846E6 /* AudioItemDetailedView.swift in Sources */,
				542EAB57261281EB008645CB /* CameraItemDetailedView.swift in Sources */,
				54F5B9BE2628E07C001846E6 /* ComputerItemDetailedView.swift in Sources */,
				5487EDFE269C8A11009C7E0E /* PushNotificationSender.swift in Sources */,
				54BBA4CF263216EA0021536D /* Announcement.swift in Sources */,
				543E7BAA262A1F96004FDF51 /* SettingsView.swift in Sources */,
				54388242269DCCD3008529A4 /* LenseItemDetailedView.swift in Sources */,
				5439CE91260FF37B00DCC5A6 /* Element_CompoundApp.swift in Sources */,
				5440999E26422081007EBF4A /* Users.swift in Sources */,
				54BBA4C926320B300021536D /* SearchBar.swift in Sources */,
				540A83A326B2EA5900386660 /* LoadingView.swift in Sources */,
				54E2442C263F922000D1B693 /* InfoScreen.swift in Sources */,
				543E7BA1262A1766004FDF51 /* CoursesView.swift in Sources */,
				54ECF17626B1A69800534D32 /* ImageLoader.swift in Sources */,
				54AB3B5A2655AF1D0073EB35 /* Color+Codable.swift in Sources */,
				5423FEE7267E22380015ACC8 /* LinkedText.swift in Sources */,
				54388244269DD03B008529A4 /* EmptyState.swift in Sources */,
				548A35E22649D6A9008B9B4A /* Color + Ext.swift in Sources */,
				54707100268AA5060057FA28 /* SettingsViewModel.swift in Sources */,
			);
			runOnlyForDeploymentPostprocessing = 0;
		};
/* End PBXSourcesBuildPhase section */

/* Begin XCBuildConfiguration section */
		5439CE9A260FF37C00DCC5A6 /* Debug */ = {
			isa = XCBuildConfiguration;
			buildSettings = {
				ALWAYS_SEARCH_USER_PATHS = NO;
				CLANG_ANALYZER_NONNULL = YES;
				CLANG_ANALYZER_NUMBER_OBJECT_CONVERSION = YES_AGGRESSIVE;
				CLANG_CXX_LANGUAGE_STANDARD = "gnu++14";
				CLANG_CXX_LIBRARY = "libc++";
				CLANG_ENABLE_MODULES = YES;
				CLANG_ENABLE_OBJC_ARC = YES;
				CLANG_ENABLE_OBJC_WEAK = YES;
				CLANG_WARN_BLOCK_CAPTURE_AUTORELEASING = YES;
				CLANG_WARN_BOOL_CONVERSION = YES;
				CLANG_WARN_COMMA = YES;
				CLANG_WARN_CONSTANT_CONVERSION = YES;
				CLANG_WARN_DEPRECATED_OBJC_IMPLEMENTATIONS = YES;
				CLANG_WARN_DIRECT_OBJC_ISA_USAGE = YES_ERROR;
				CLANG_WARN_DOCUMENTATION_COMMENTS = YES;
				CLANG_WARN_EMPTY_BODY = YES;
				CLANG_WARN_ENUM_CONVERSION = YES;
				CLANG_WARN_INFINITE_RECURSION = YES;
				CLANG_WARN_INT_CONVERSION = YES;
				CLANG_WARN_NON_LITERAL_NULL_CONVERSION = YES;
				CLANG_WARN_OBJC_IMPLICIT_RETAIN_SELF = YES;
				CLANG_WARN_OBJC_LITERAL_CONVERSION = YES;
				CLANG_WARN_OBJC_ROOT_CLASS = YES_ERROR;
				CLANG_WARN_QUOTED_INCLUDE_IN_FRAMEWORK_HEADER = YES;
				CLANG_WARN_RANGE_LOOP_ANALYSIS = YES;
				CLANG_WARN_STRICT_PROTOTYPES = YES;
				CLANG_WARN_SUSPICIOUS_MOVE = YES;
				CLANG_WARN_UNGUARDED_AVAILABILITY = YES_AGGRESSIVE;
				CLANG_WARN_UNREACHABLE_CODE = YES;
				CLANG_WARN__DUPLICATE_METHOD_MATCH = YES;
				COPY_PHASE_STRIP = NO;
				DEBUG_INFORMATION_FORMAT = dwarf;
				ENABLE_STRICT_OBJC_MSGSEND = YES;
				ENABLE_TESTABILITY = YES;
				GCC_C_LANGUAGE_STANDARD = gnu11;
				GCC_DYNAMIC_NO_PIC = NO;
				GCC_NO_COMMON_BLOCKS = YES;
				GCC_OPTIMIZATION_LEVEL = 0;
				GCC_PREPROCESSOR_DEFINITIONS = (
					"DEBUG=1",
					"$(inherited)",
				);
				GCC_WARN_64_TO_32_BIT_CONVERSION = YES;
				GCC_WARN_ABOUT_RETURN_TYPE = YES_ERROR;
				GCC_WARN_UNDECLARED_SELECTOR = YES;
				GCC_WARN_UNINITIALIZED_AUTOS = YES_AGGRESSIVE;
				GCC_WARN_UNUSED_FUNCTION = YES;
				GCC_WARN_UNUSED_VARIABLE = YES;
				IPHONEOS_DEPLOYMENT_TARGET = 14.5;
				MTL_ENABLE_DEBUG_INFO = INCLUDE_SOURCE;
				MTL_FAST_MATH = YES;
				ONLY_ACTIVE_ARCH = YES;
				SDKROOT = iphoneos;
				SWIFT_ACTIVE_COMPILATION_CONDITIONS = DEBUG;
				SWIFT_OPTIMIZATION_LEVEL = "-Onone";
			};
			name = Debug;
		};
		5439CE9B260FF37C00DCC5A6 /* Release */ = {
			isa = XCBuildConfiguration;
			buildSettings = {
				ALWAYS_SEARCH_USER_PATHS = NO;
				CLANG_ANALYZER_NONNULL = YES;
				CLANG_ANALYZER_NUMBER_OBJECT_CONVERSION = YES_AGGRESSIVE;
				CLANG_CXX_LANGUAGE_STANDARD = "gnu++14";
				CLANG_CXX_LIBRARY = "libc++";
				CLANG_ENABLE_MODULES = YES;
				CLANG_ENABLE_OBJC_ARC = YES;
				CLANG_ENABLE_OBJC_WEAK = YES;
				CLANG_WARN_BLOCK_CAPTURE_AUTORELEASING = YES;
				CLANG_WARN_BOOL_CONVERSION = YES;
				CLANG_WARN_COMMA = YES;
				CLANG_WARN_CONSTANT_CONVERSION = YES;
				CLANG_WARN_DEPRECATED_OBJC_IMPLEMENTATIONS = YES;
				CLANG_WARN_DIRECT_OBJC_ISA_USAGE = YES_ERROR;
				CLANG_WARN_DOCUMENTATION_COMMENTS = YES;
				CLANG_WARN_EMPTY_BODY = YES;
				CLANG_WARN_ENUM_CONVERSION = YES;
				CLANG_WARN_INFINITE_RECURSION = YES;
				CLANG_WARN_INT_CONVERSION = YES;
				CLANG_WARN_NON_LITERAL_NULL_CONVERSION = YES;
				CLANG_WARN_OBJC_IMPLICIT_RETAIN_SELF = YES;
				CLANG_WARN_OBJC_LITERAL_CONVERSION = YES;
				CLANG_WARN_OBJC_ROOT_CLASS = YES_ERROR;
				CLANG_WARN_QUOTED_INCLUDE_IN_FRAMEWORK_HEADER = YES;
				CLANG_WARN_RANGE_LOOP_ANALYSIS = YES;
				CLANG_WARN_STRICT_PROTOTYPES = YES;
				CLANG_WARN_SUSPICIOUS_MOVE = YES;
				CLANG_WARN_UNGUARDED_AVAILABILITY = YES_AGGRESSIVE;
				CLANG_WARN_UNREACHABLE_CODE = YES;
				CLANG_WARN__DUPLICATE_METHOD_MATCH = YES;
				COPY_PHASE_STRIP = NO;
				DEBUG_INFORMATION_FORMAT = "dwarf-with-dsym";
				ENABLE_NS_ASSERTIONS = NO;
				ENABLE_STRICT_OBJC_MSGSEND = YES;
				GCC_C_LANGUAGE_STANDARD = gnu11;
				GCC_NO_COMMON_BLOCKS = YES;
				GCC_WARN_64_TO_32_BIT_CONVERSION = YES;
				GCC_WARN_ABOUT_RETURN_TYPE = YES_ERROR;
				GCC_WARN_UNDECLARED_SELECTOR = YES;
				GCC_WARN_UNINITIALIZED_AUTOS = YES_AGGRESSIVE;
				GCC_WARN_UNUSED_FUNCTION = YES;
				GCC_WARN_UNUSED_VARIABLE = YES;
				IPHONEOS_DEPLOYMENT_TARGET = 14.5;
				MTL_ENABLE_DEBUG_INFO = NO;
				MTL_FAST_MATH = YES;
				SDKROOT = iphoneos;
				SWIFT_COMPILATION_MODE = wholemodule;
				SWIFT_OPTIMIZATION_LEVEL = "-O";
				VALIDATE_PRODUCT = YES;
			};
			name = Release;
		};
		5439CE9D260FF37C00DCC5A6 /* Debug */ = {
			isa = XCBuildConfiguration;
			baseConfigurationReference = E30D470D52F55E4131C75708 /* Pods-Element Compound.debug.xcconfig */;
			buildSettings = {
				ASSETCATALOG_COMPILER_APPICON_NAME = AppIcon;
				ASSETCATALOG_COMPILER_GLOBAL_ACCENT_COLOR_NAME = AccentColor;
				CODE_SIGN_ENTITLEMENTS = "Element Compound/Element Compound.entitlements";
				CODE_SIGN_STYLE = Automatic;
				CURRENT_PROJECT_VERSION = 13;
				DEVELOPMENT_ASSET_PATHS = "\"Element Compound/Preview Content\"";
				DEVELOPMENT_TEAM = Y72HF9FX59;
				ENABLE_PREVIEWS = YES;
				INFOPLIST_FILE = "Element Compound/Info.plist";
				IPHONEOS_DEPLOYMENT_TARGET = 14.7;
				LD_RUNPATH_SEARCH_PATHS = (
					"$(inherited)",
					"@executable_path/Frameworks",
				);
				MARKETING_VERSION = 0.1.0;
				PRODUCT_BUNDLE_IDENTIFIER = "me.jab.ron.Element-Compound";
				PRODUCT_NAME = "$(TARGET_NAME)";
				SWIFT_VERSION = 5.0;
				TARGETED_DEVICE_FAMILY = "1,2";
			};
			name = Debug;
		};
		5439CE9E260FF37C00DCC5A6 /* Release */ = {
			isa = XCBuildConfiguration;
			baseConfigurationReference = 830855C6B59589D064BAED85 /* Pods-Element Compound.release.xcconfig */;
			buildSettings = {
				ASSETCATALOG_COMPILER_APPICON_NAME = AppIcon;
				ASSETCATALOG_COMPILER_GLOBAL_ACCENT_COLOR_NAME = AccentColor;
				CODE_SIGN_ENTITLEMENTS = "Element Compound/Element Compound.entitlements";
				CODE_SIGN_STYLE = Automatic;
				CURRENT_PROJECT_VERSION = 13;
				DEVELOPMENT_ASSET_PATHS = "\"Element Compound/Preview Content\"";
				DEVELOPMENT_TEAM = Y72HF9FX59;
				ENABLE_PREVIEWS = YES;
				INFOPLIST_FILE = "Element Compound/Info.plist";
				IPHONEOS_DEPLOYMENT_TARGET = 14.7;
				LD_RUNPATH_SEARCH_PATHS = (
					"$(inherited)",
					"@executable_path/Frameworks",
				);
				MARKETING_VERSION = 0.1.0;
				PRODUCT_BUNDLE_IDENTIFIER = "me.jab.ron.Element-Compound";
				PRODUCT_NAME = "$(TARGET_NAME)";
				SWIFT_VERSION = 5.0;
				TARGETED_DEVICE_FAMILY = "1,2";
			};
			name = Release;
		};
/* End XCBuildConfiguration section */

/* Begin XCConfigurationList section */
		5439CE88260FF37A00DCC5A6 /* Build configuration list for PBXProject "Element Compound" */ = {
			isa = XCConfigurationList;
			buildConfigurations = (
				5439CE9A260FF37C00DCC5A6 /* Debug */,
				5439CE9B260FF37C00DCC5A6 /* Release */,
			);
			defaultConfigurationIsVisible = 0;
			defaultConfigurationName = Release;
		};
		5439CE9C260FF37C00DCC5A6 /* Build configuration list for PBXNativeTarget "Element Compound" */ = {
			isa = XCConfigurationList;
			buildConfigurations = (
				5439CE9D260FF37C00DCC5A6 /* Debug */,
				5439CE9E260FF37C00DCC5A6 /* Release */,
			);
			defaultConfigurationIsVisible = 0;
			defaultConfigurationName = Release;
		};
/* End XCConfigurationList section */

/* Begin XCRemoteSwiftPackageReference section */
		543C4A4526A71B6100D9DF67 /* XCRemoteSwiftPackageReference "url-image" */ = {
			isa = XCRemoteSwiftPackageReference;
			repositoryURL = "https://github.com/dmytro-anokhin/url-image";
			requirement = {
				kind = upToNextMajorVersion;
				minimumVersion = 3.1.0;
			};
		};
/* End XCRemoteSwiftPackageReference section */

/* Begin XCSwiftPackageProductDependency section */
		543C4A4626A71B6100D9DF67 /* URLImageStore */ = {
			isa = XCSwiftPackageProductDependency;
			package = 543C4A4526A71B6100D9DF67 /* XCRemoteSwiftPackageReference "url-image" */;
			productName = URLImageStore;
		};
		543C4A4826A71B6100D9DF67 /* URLImage */ = {
			isa = XCSwiftPackageProductDependency;
			package = 543C4A4526A71B6100D9DF67 /* XCRemoteSwiftPackageReference "url-image" */;
			productName = URLImage;
		};
/* End XCSwiftPackageProductDependency section */
	};
	rootObject = 5439CE85260FF37A00DCC5A6 /* Project object */;
}
