// !$*UTF8*$!
{
	archiveVersion = 1;
	classes = {
	};
	objectVersion = 51;
	objects = {

/* Begin PBXBuildFile section */
		542EAB57261281EB008645CB /* CameraItemDetailedView.swift in Sources */ = {isa = PBXBuildFile; fileRef = 542EAB56261281EB008645CB /* CameraItemDetailedView.swift */; };
		5435EAD1262BA2C8008078F1 /* GoogleService-Info.plist in Resources */ = {isa = PBXBuildFile; fileRef = 5435EAD0262BA2C8008078F1 /* GoogleService-Info.plist */; };
		5439CE91260FF37B00DCC5A6 /* Element_CompoundApp.swift in Sources */ = {isa = PBXBuildFile; fileRef = 5439CE90260FF37B00DCC5A6 /* Element_CompoundApp.swift */; };
		5439CE93260FF37B00DCC5A6 /* InventoryListView.swift in Sources */ = {isa = PBXBuildFile; fileRef = 5439CE92260FF37B00DCC5A6 /* InventoryListView.swift */; };
		5439CE95260FF37C00DCC5A6 /* Assets.xcassets in Resources */ = {isa = PBXBuildFile; fileRef = 5439CE94260FF37C00DCC5A6 /* Assets.xcassets */; };
		5439CE98260FF37C00DCC5A6 /* Preview Assets.xcassets in Resources */ = {isa = PBXBuildFile; fileRef = 5439CE97260FF37C00DCC5A6 /* Preview Assets.xcassets */; };
		5439CEA1260FF3BF00DCC5A6 /* InventoryItems.swift in Sources */ = {isa = PBXBuildFile; fileRef = 5439CEA0260FF3BF00DCC5A6 /* InventoryItems.swift */; };
		543E7B9E262A1732004FDF51 /* HomeView.swift in Sources */ = {isa = PBXBuildFile; fileRef = 543E7B9D262A1732004FDF51 /* HomeView.swift */; };
		543E7BA1262A1766004FDF51 /* CoursesView.swift in Sources */ = {isa = PBXBuildFile; fileRef = 543E7BA0262A1766004FDF51 /* CoursesView.swift */; };
		543E7BA4262A1773004FDF51 /* ProjectsView.swift in Sources */ = {isa = PBXBuildFile; fileRef = 543E7BA3262A1773004FDF51 /* ProjectsView.swift */; };
		543E7BA7262A1976004FDF51 /* TabView.swift in Sources */ = {isa = PBXBuildFile; fileRef = 543E7BA6262A1976004FDF51 /* TabView.swift */; };
		543E7BAA262A1F96004FDF51 /* SettingsView.swift in Sources */ = {isa = PBXBuildFile; fileRef = 543E7BA9262A1F96004FDF51 /* SettingsView.swift */; };
		543E7BAD262A258D004FDF51 /* InventoryListCellView.swift in Sources */ = {isa = PBXBuildFile; fileRef = 543E7BAC262A258D004FDF51 /* InventoryListCellView.swift */; };
		54AEEB8D262BB6310040A559 /* AppDelegate.swift in Sources */ = {isa = PBXBuildFile; fileRef = 54AEEB8C262BB6310040A559 /* AppDelegate.swift */; };
		54AEEB90262BB9930040A559 /* LoginView.swift in Sources */ = {isa = PBXBuildFile; fileRef = 54AEEB8F262BB9930040A559 /* LoginView.swift */; };
		54F5B9BE2628E07C001846E6 /* ComputerItemDetailedView.swift in Sources */ = {isa = PBXBuildFile; fileRef = 54F5B9BD2628E07C001846E6 /* ComputerItemDetailedView.swift */; };
		54F5B9C12628E18B001846E6 /* AudioItemDetailedView.swift in Sources */ = {isa = PBXBuildFile; fileRef = 54F5B9C02628E18B001846E6 /* AudioItemDetailedView.swift */; };
		54F5B9C42628E215001846E6 /* MiscItemDetailedView.swift in Sources */ = {isa = PBXBuildFile; fileRef = 54F5B9C32628E215001846E6 /* MiscItemDetailedView.swift */; };
		DAB328010F53D22C0AF95C45 /* Pods_Element_Compound.framework in Frameworks */ = {isa = PBXBuildFile; fileRef = E5A768F2986036DFE58B81BA /* Pods_Element_Compound.framework */; };
/* End PBXBuildFile section */

/* Begin PBXFileReference section */
		542EAB56261281EB008645CB /* CameraItemDetailedView.swift */ = {isa = PBXFileReference; lastKnownFileType = sourcecode.swift; path = CameraItemDetailedView.swift; sourceTree = "<group>"; };
		5435EAD0262BA2C8008078F1 /* GoogleService-Info.plist */ = {isa = PBXFileReference; fileEncoding = 4; lastKnownFileType = text.plist.xml; path = "GoogleService-Info.plist"; sourceTree = "<group>"; };
		5439CE8D260FF37B00DCC5A6 /* Element Compound.app */ = {isa = PBXFileReference; explicitFileType = wrapper.application; includeInIndex = 0; path = "Element Compound.app"; sourceTree = BUILT_PRODUCTS_DIR; };
		5439CE90260FF37B00DCC5A6 /* Element_CompoundApp.swift */ = {isa = PBXFileReference; lastKnownFileType = sourcecode.swift; path = Element_CompoundApp.swift; sourceTree = "<group>"; };
		5439CE92260FF37B00DCC5A6 /* InventoryListView.swift */ = {isa = PBXFileReference; lastKnownFileType = sourcecode.swift; path = InventoryListView.swift; sourceTree = "<group>"; };
		5439CE94260FF37C00DCC5A6 /* Assets.xcassets */ = {isa = PBXFileReference; lastKnownFileType = folder.assetcatalog; path = Assets.xcassets; sourceTree = "<group>"; };
		5439CE97260FF37C00DCC5A6 /* Preview Assets.xcassets */ = {isa = PBXFileReference; lastKnownFileType = folder.assetcatalog; path = "Preview Assets.xcassets"; sourceTree = "<group>"; };
		5439CE99260FF37C00DCC5A6 /* Info.plist */ = {isa = PBXFileReference; lastKnownFileType = text.plist.xml; path = Info.plist; sourceTree = "<group>"; };
		5439CEA0260FF3BF00DCC5A6 /* InventoryItems.swift */ = {isa = PBXFileReference; lastKnownFileType = sourcecode.swift; path = InventoryItems.swift; sourceTree = "<group>"; };
		543E7B9D262A1732004FDF51 /* HomeView.swift */ = {isa = PBXFileReference; lastKnownFileType = sourcecode.swift; path = HomeView.swift; sourceTree = "<group>"; };
		543E7BA0262A1766004FDF51 /* CoursesView.swift */ = {isa = PBXFileReference; lastKnownFileType = sourcecode.swift; path = CoursesView.swift; sourceTree = "<group>"; };
		543E7BA3262A1773004FDF51 /* ProjectsView.swift */ = {isa = PBXFileReference; lastKnownFileType = sourcecode.swift; path = ProjectsView.swift; sourceTree = "<group>"; };
		543E7BA6262A1976004FDF51 /* TabView.swift */ = {isa = PBXFileReference; lastKnownFileType = sourcecode.swift; path = TabView.swift; sourceTree = "<group>"; };
		543E7BA9262A1F96004FDF51 /* SettingsView.swift */ = {isa = PBXFileReference; lastKnownFileType = sourcecode.swift; path = SettingsView.swift; sourceTree = "<group>"; };
		543E7BAC262A258D004FDF51 /* InventoryListCellView.swift */ = {isa = PBXFileReference; lastKnownFileType = sourcecode.swift; path = InventoryListCellView.swift; sourceTree = "<group>"; };
		54AEEB8C262BB6310040A559 /* AppDelegate.swift */ = {isa = PBXFileReference; fileEncoding = 4; lastKnownFileType = sourcecode.swift; path = AppDelegate.swift; sourceTree = "<group>"; };
		54AEEB8F262BB9930040A559 /* LoginView.swift */ = {isa = PBXFileReference; lastKnownFileType = sourcecode.swift; path = LoginView.swift; sourceTree = "<group>"; };
		54F5B9BD2628E07C001846E6 /* ComputerItemDetailedView.swift */ = {isa = PBXFileReference; lastKnownFileType = sourcecode.swift; path = ComputerItemDetailedView.swift; sourceTree = "<group>"; };
		54F5B9C02628E18B001846E6 /* AudioItemDetailedView.swift */ = {isa = PBXFileReference; lastKnownFileType = sourcecode.swift; path = AudioItemDetailedView.swift; sourceTree = "<group>"; };
		54F5B9C32628E215001846E6 /* MiscItemDetailedView.swift */ = {isa = PBXFileReference; lastKnownFileType = sourcecode.swift; path = MiscItemDetailedView.swift; sourceTree = "<group>"; };
		830855C6B59589D064BAED85 /* Pods-Element Compound.release.xcconfig */ = {isa = PBXFileReference; includeInIndex = 1; lastKnownFileType = text.xcconfig; name = "Pods-Element Compound.release.xcconfig"; path = "Target Support Files/Pods-Element Compound/Pods-Element Compound.release.xcconfig"; sourceTree = "<group>"; };
		E30D470D52F55E4131C75708 /* Pods-Element Compound.debug.xcconfig */ = {isa = PBXFileReference; includeInIndex = 1; lastKnownFileType = text.xcconfig; name = "Pods-Element Compound.debug.xcconfig"; path = "Target Support Files/Pods-Element Compound/Pods-Element Compound.debug.xcconfig"; sourceTree = "<group>"; };
		E5A768F2986036DFE58B81BA /* Pods_Element_Compound.framework */ = {isa = PBXFileReference; explicitFileType = wrapper.framework; includeInIndex = 0; path = Pods_Element_Compound.framework; sourceTree = BUILT_PRODUCTS_DIR; };
/* End PBXFileReference section */

/* Begin PBXFrameworksBuildPhase section */
		5439CE8A260FF37B00DCC5A6 /* Frameworks */ = {
			isa = PBXFrameworksBuildPhase;
			buildActionMask = 2147483647;
			files = (
				DAB328010F53D22C0AF95C45 /* Pods_Element_Compound.framework in Frameworks */,
			);
			runOnlyForDeploymentPostprocessing = 0;
		};
/* End PBXFrameworksBuildPhase section */

/* Begin PBXGroup section */
		1BD49C4188F515153AEC294F /* Frameworks */ = {
			isa = PBXGroup;
			children = (
				E5A768F2986036DFE58B81BA /* Pods_Element_Compound.framework */,
			);
			name = Frameworks;
			sourceTree = "<group>";
		};
		5439CE84260FF37A00DCC5A6 = {
			isa = PBXGroup;
			children = (
				5439CE8F260FF37B00DCC5A6 /* Element Compound */,
				5439CE8E260FF37B00DCC5A6 /* Products */,
				E6978BBADDF56ED28FC85115 /* Pods */,
				1BD49C4188F515153AEC294F /* Frameworks */,
			);
			sourceTree = "<group>";
		};
		5439CE8E260FF37B00DCC5A6 /* Products */ = {
			isa = PBXGroup;
			children = (
				5439CE8D260FF37B00DCC5A6 /* Element Compound.app */,
			);
			name = Products;
			sourceTree = "<group>";
		};
		5439CE8F260FF37B00DCC5A6 /* Element Compound */ = {
			isa = PBXGroup;
			children = (
				5435EAD0262BA2C8008078F1 /* GoogleService-Info.plist */,
				543E7BEE262A754E004FDF51 /* Inventory Screen */,
				5439CE90260FF37B00DCC5A6 /* Element_CompoundApp.swift */,
				543E7B9D262A1732004FDF51 /* HomeView.swift */,
				54AEEB8F262BB9930040A559 /* LoginView.swift */,
				543E7BA6262A1976004FDF51 /* TabView.swift */,
				54AEEB8C262BB6310040A559 /* AppDelegate.swift */,
				543E7BA9262A1F96004FDF51 /* SettingsView.swift */,
				543E7BA0262A1766004FDF51 /* CoursesView.swift */,
				543E7BA3262A1773004FDF51 /* ProjectsView.swift */,
				5439CE94260FF37C00DCC5A6 /* Assets.xcassets */,
				5439CE99260FF37C00DCC5A6 /* Info.plist */,
				5439CE96260FF37C00DCC5A6 /* Preview Content */,
			);
			path = "Element Compound";
			sourceTree = "<group>";
		};
		5439CE96260FF37C00DCC5A6 /* Preview Content */ = {
			isa = PBXGroup;
			children = (
				5439CE97260FF37C00DCC5A6 /* Preview Assets.xcassets */,
			);
			path = "Preview Content";
			sourceTree = "<group>";
		};
		543E7BEE262A754E004FDF51 /* Inventory Screen */ = {
			isa = PBXGroup;
			children = (
				5439CE92260FF37B00DCC5A6 /* InventoryListView.swift */,
				543E7BAC262A258D004FDF51 /* InventoryListCellView.swift */,
				542EAB56261281EB008645CB /* CameraItemDetailedView.swift */,
				54F5B9C32628E215001846E6 /* MiscItemDetailedView.swift */,
				54F5B9C02628E18B001846E6 /* AudioItemDetailedView.swift */,
				54F5B9BD2628E07C001846E6 /* ComputerItemDetailedView.swift */,
				5439CEA0260FF3BF00DCC5A6 /* InventoryItems.swift */,
			);
			path = "Inventory Screen";
			sourceTree = "<group>";
		};
		E6978BBADDF56ED28FC85115 /* Pods */ = {
			isa = PBXGroup;
			children = (
				E30D470D52F55E4131C75708 /* Pods-Element Compound.debug.xcconfig */,
				830855C6B59589D064BAED85 /* Pods-Element Compound.release.xcconfig */,
			);
			path = Pods;
			sourceTree = "<group>";
		};
/* End PBXGroup section */

/* Begin PBXNativeTarget section */
		5439CE8C260FF37B00DCC5A6 /* Element Compound */ = {
			isa = PBXNativeTarget;
			buildConfigurationList = 5439CE9C260FF37C00DCC5A6 /* Build configuration list for PBXNativeTarget "Element Compound" */;
			buildPhases = (
				D9E9DCA886DD16B48160025D /* [CP] Check Pods Manifest.lock */,
				5439CE89260FF37B00DCC5A6 /* Sources */,
				5439CE8A260FF37B00DCC5A6 /* Frameworks */,
				5439CE8B260FF37B00DCC5A6 /* Resources */,
				5EE86517805C740BF9E80D22 /* [CP] Embed Pods Frameworks */,
				C4B9A926E9AA5E4365DE9FD9 /* [CP] Copy Pods Resources */,
			);
			buildRules = (
			);
			dependencies = (
			);
			name = "Element Compound";
			productName = "Element Compound";
			productReference = 5439CE8D260FF37B00DCC5A6 /* Element Compound.app */;
			productType = "com.apple.product-type.application";
		};
/* End PBXNativeTarget section */

/* Begin PBXProject section */
		5439CE85260FF37A00DCC5A6 /* Project object */ = {
			isa = PBXProject;
			attributes = {
				LastSwiftUpdateCheck = 1220;
				LastUpgradeCheck = 1220;
				TargetAttributes = {
					5439CE8C260FF37B00DCC5A6 = {
						CreatedOnToolsVersion = 12.2;
					};
				};
			};
			buildConfigurationList = 5439CE88260FF37A00DCC5A6 /* Build configuration list for PBXProject "Element Compound" */;
			compatibilityVersion = "Xcode 9.3";
			developmentRegion = en;
			hasScannedForEncodings = 0;
			knownRegions = (
				en,
				Base,
			);
			mainGroup = 5439CE84260FF37A00DCC5A6;
			productRefGroup = 5439CE8E260FF37B00DCC5A6 /* Products */;
			projectDirPath = "";
			projectRoot = "";
			targets = (
				5439CE8C260FF37B00DCC5A6 /* Element Compound */,
			);
		};
/* End PBXProject section */

/* Begin PBXResourcesBuildPhase section */
		5439CE8B260FF37B00DCC5A6 /* Resources */ = {
			isa = PBXResourcesBuildPhase;
			buildActionMask = 2147483647;
			files = (
				5439CE98260FF37C00DCC5A6 /* Preview Assets.xcassets in Resources */,
				5439CE95260FF37C00DCC5A6 /* Assets.xcassets in Resources */,
				5435EAD1262BA2C8008078F1 /* GoogleService-Info.plist in Resources */,
			);
			runOnlyForDeploymentPostprocessing = 0;
		};
/* End PBXResourcesBuildPhase section */

/* Begin PBXShellScriptBuildPhase section */
		5EE86517805C740BF9E80D22 /* [CP] Embed Pods Frameworks */ = {
			isa = PBXShellScriptBuildPhase;
			buildActionMask = 2147483647;
			files = (
			);
			inputFileListPaths = (
				"${PODS_ROOT}/Target Support Files/Pods-Element Compound/Pods-Element Compound-frameworks-${CONFIGURATION}-input-files.xcfilelist",
			);
			name = "[CP] Embed Pods Frameworks";
			outputFileListPaths = (
				"${PODS_ROOT}/Target Support Files/Pods-Element Compound/Pods-Element Compound-frameworks-${CONFIGURATION}-output-files.xcfilelist",
			);
			runOnlyForDeploymentPostprocessing = 0;
			shellPath = /bin/sh;
			shellScript = "\"${PODS_ROOT}/Target Support Files/Pods-Element Compound/Pods-Element Compound-frameworks.sh\"\n";
			showEnvVarsInLog = 0;
		};
		C4B9A926E9AA5E4365DE9FD9 /* [CP] Copy Pods Resources */ = {
			isa = PBXShellScriptBuildPhase;
			buildActionMask = 2147483647;
			files = (
			);
			inputFileListPaths = (
				"${PODS_ROOT}/Target Support Files/Pods-Element Compound/Pods-Element Compound-resources-${CONFIGURATION}-input-files.xcfilelist",
			);
			name = "[CP] Copy Pods Resources";
			outputFileListPaths = (
				"${PODS_ROOT}/Target Support Files/Pods-Element Compound/Pods-Element Compound-resources-${CONFIGURATION}-output-files.xcfilelist",
			);
			runOnlyForDeploymentPostprocessing = 0;
			shellPath = /bin/sh;
			shellScript = "\"${PODS_ROOT}/Target Support Files/Pods-Element Compound/Pods-Element Compound-resources.sh\"\n";
			showEnvVarsInLog = 0;
		};
		D9E9DCA886DD16B48160025D /* [CP] Check Pods Manifest.lock */ = {
			isa = PBXShellScriptBuildPhase;
			buildActionMask = 2147483647;
			files = (
			);
			inputFileListPaths = (
			);
			inputPaths = (
				"${PODS_PODFILE_DIR_PATH}/Podfile.lock",
				"${PODS_ROOT}/Manifest.lock",
			);
			name = "[CP] Check Pods Manifest.lock";
			outputFileListPaths = (
			);
			outputPaths = (
				"$(DERIVED_FILE_DIR)/Pods-Element Compound-checkManifestLockResult.txt",
			);
			runOnlyForDeploymentPostprocessing = 0;
			shellPath = /bin/sh;
			shellScript = "diff \"${PODS_PODFILE_DIR_PATH}/Podfile.lock\" \"${PODS_ROOT}/Manifest.lock\" > /dev/null\nif [ $? != 0 ] ; then\n    # print error to STDERR\n    echo \"error: The sandbox is not in sync with the Podfile.lock. Run 'pod install' or update your CocoaPods installation.\" >&2\n    exit 1\nfi\n# This output is used by Xcode 'outputs' to avoid re-running this script phase.\necho \"SUCCESS\" > \"${SCRIPT_OUTPUT_FILE_0}\"\n";
			showEnvVarsInLog = 0;
		};
/* End PBXShellScriptBuildPhase section */

/* Begin PBXSourcesBuildPhase section */
		5439CE89260FF37B00DCC5A6 /* Sources */ = {
			isa = PBXSourcesBuildPhase;
			buildActionMask = 2147483647;
			files = (
				543E7BA7262A1976004FDF51 /* TabView.swift in Sources */,
				543E7BAD262A258D004FDF51 /* InventoryListCellView.swift in Sources */,
				543E7BA4262A1773004FDF51 /* ProjectsView.swift in Sources */,
				54AEEB90262BB9930040A559 /* LoginView.swift in Sources */,
				54F5B9C42628E215001846E6 /* MiscItemDetailedView.swift in Sources */,
				54AEEB8D262BB6310040A559 /* AppDelegate.swift in Sources */,
				5439CE93260FF37B00DCC5A6 /* InventoryListView.swift in Sources */,
				5439CEA1260FF3BF00DCC5A6 /* InventoryItems.swift in Sources */,
				54F5B9C12628E18B001846E6 /* AudioItemDetailedView.swift in Sources */,
				542EAB57261281EB008645CB /* CameraItemDetailedView.swift in Sources */,
				54F5B9BE2628E07C001846E6 /* ComputerItemDetailedView.swift in Sources */,
				543E7B9E262A1732004FDF51 /* HomeView.swift in Sources */,
				543E7BAA262A1F96004FDF51 /* SettingsView.swift in Sources */,
				5439CE91260FF37B00DCC5A6 /* Element_CompoundApp.swift in Sources */,
				543E7BA1262A1766004FDF51 /* CoursesView.swift in Sources */,
			);
			runOnlyForDeploymentPostprocessing = 0;
		};
/* End PBXSourcesBuildPhase section */

/* Begin XCBuildConfiguration section */
		5439CE9A260FF37C00DCC5A6 /* Debug */ = {
			isa = XCBuildConfiguration;
			buildSettings = {
				ALWAYS_SEARCH_USER_PATHS = NO;
				CLANG_ANALYZER_NONNULL = YES;
				CLANG_ANALYZER_NUMBER_OBJECT_CONVERSION = YES_AGGRESSIVE;
				CLANG_CXX_LANGUAGE_STANDARD = "gnu++14";
				CLANG_CXX_LIBRARY = "libc++";
				CLANG_ENABLE_MODULES = YES;
				CLANG_ENABLE_OBJC_ARC = YES;
				CLANG_ENABLE_OBJC_WEAK = YES;
				CLANG_WARN_BLOCK_CAPTURE_AUTORELEASING = YES;
				CLANG_WARN_BOOL_CONVERSION = YES;
				CLANG_WARN_COMMA = YES;
				CLANG_WARN_CONSTANT_CONVERSION = YES;
				CLANG_WARN_DEPRECATED_OBJC_IMPLEMENTATIONS = YES;
				CLANG_WARN_DIRECT_OBJC_ISA_USAGE = YES_ERROR;
				CLANG_WARN_DOCUMENTATION_COMMENTS = YES;
				CLANG_WARN_EMPTY_BODY = YES;
				CLANG_WARN_ENUM_CONVERSION = YES;
				CLANG_WARN_INFINITE_RECURSION = YES;
				CLANG_WARN_INT_CONVERSION = YES;
				CLANG_WARN_NON_LITERAL_NULL_CONVERSION = YES;
				CLANG_WARN_OBJC_IMPLICIT_RETAIN_SELF = YES;
				CLANG_WARN_OBJC_LITERAL_CONVERSION = YES;
				CLANG_WARN_OBJC_ROOT_CLASS = YES_ERROR;
				CLANG_WARN_QUOTED_INCLUDE_IN_FRAMEWORK_HEADER = YES;
				CLANG_WARN_RANGE_LOOP_ANALYSIS = YES;
				CLANG_WARN_STRICT_PROTOTYPES = YES;
				CLANG_WARN_SUSPICIOUS_MOVE = YES;
				CLANG_WARN_UNGUARDED_AVAILABILITY = YES_AGGRESSIVE;
				CLANG_WARN_UNREACHABLE_CODE = YES;
				CLANG_WARN__DUPLICATE_METHOD_MATCH = YES;
				COPY_PHASE_STRIP = NO;
				DEBUG_INFORMATION_FORMAT = dwarf;
				ENABLE_STRICT_OBJC_MSGSEND = YES;
				ENABLE_TESTABILITY = YES;
				GCC_C_LANGUAGE_STANDARD = gnu11;
				GCC_DYNAMIC_NO_PIC = NO;
				GCC_NO_COMMON_BLOCKS = YES;
				GCC_OPTIMIZATION_LEVEL = 0;
				GCC_PREPROCESSOR_DEFINITIONS = (
					"DEBUG=1",
					"$(inherited)",
				);
				GCC_WARN_64_TO_32_BIT_CONVERSION = YES;
				GCC_WARN_ABOUT_RETURN_TYPE = YES_ERROR;
				GCC_WARN_UNDECLARED_SELECTOR = YES;
				GCC_WARN_UNINITIALIZED_AUTOS = YES_AGGRESSIVE;
				GCC_WARN_UNUSED_FUNCTION = YES;
				GCC_WARN_UNUSED_VARIABLE = YES;
				IPHONEOS_DEPLOYMENT_TARGET = 14.2;
				MTL_ENABLE_DEBUG_INFO = INCLUDE_SOURCE;
				MTL_FAST_MATH = YES;
				ONLY_ACTIVE_ARCH = YES;
				SDKROOT = iphoneos;
				SWIFT_ACTIVE_COMPILATION_CONDITIONS = DEBUG;
				SWIFT_OPTIMIZATION_LEVEL = "-Onone";
			};
			name = Debug;
		};
		5439CE9B260FF37C00DCC5A6 /* Release */ = {
			isa = XCBuildConfiguration;
			buildSettings = {
				ALWAYS_SEARCH_USER_PATHS = NO;
				CLANG_ANALYZER_NONNULL = YES;
				CLANG_ANALYZER_NUMBER_OBJECT_CONVERSION = YES_AGGRESSIVE;
				CLANG_CXX_LANGUAGE_STANDARD = "gnu++14";
				CLANG_CXX_LIBRARY = "libc++";
				CLANG_ENABLE_MODULES = YES;
				CLANG_ENABLE_OBJC_ARC = YES;
				CLANG_ENABLE_OBJC_WEAK = YES;
				CLANG_WARN_BLOCK_CAPTURE_AUTORELEASING = YES;
				CLANG_WARN_BOOL_CONVERSION = YES;
				CLANG_WARN_COMMA = YES;
				CLANG_WARN_CONSTANT_CONVERSION = YES;
				CLANG_WARN_DEPRECATED_OBJC_IMPLEMENTATIONS = YES;
				CLANG_WARN_DIRECT_OBJC_ISA_USAGE = YES_ERROR;
				CLANG_WARN_DOCUMENTATION_COMMENTS = YES;
				CLANG_WARN_EMPTY_BODY = YES;
				CLANG_WARN_ENUM_CONVERSION = YES;
				CLANG_WARN_INFINITE_RECURSION = YES;
				CLANG_WARN_INT_CONVERSION = YES;
				CLANG_WARN_NON_LITERAL_NULL_CONVERSION = YES;
				CLANG_WARN_OBJC_IMPLICIT_RETAIN_SELF = YES;
				CLANG_WARN_OBJC_LITERAL_CONVERSION = YES;
				CLANG_WARN_OBJC_ROOT_CLASS = YES_ERROR;
				CLANG_WARN_QUOTED_INCLUDE_IN_FRAMEWORK_HEADER = YES;
				CLANG_WARN_RANGE_LOOP_ANALYSIS = YES;
				CLANG_WARN_STRICT_PROTOTYPES = YES;
				CLANG_WARN_SUSPICIOUS_MOVE = YES;
				CLANG_WARN_UNGUARDED_AVAILABILITY = YES_AGGRESSIVE;
				CLANG_WARN_UNREACHABLE_CODE = YES;
				CLANG_WARN__DUPLICATE_METHOD_MATCH = YES;
				COPY_PHASE_STRIP = NO;
				DEBUG_INFORMATION_FORMAT = "dwarf-with-dsym";
				ENABLE_NS_ASSERTIONS = NO;
				ENABLE_STRICT_OBJC_MSGSEND = YES;
				GCC_C_LANGUAGE_STANDARD = gnu11;
				GCC_NO_COMMON_BLOCKS = YES;
				GCC_WARN_64_TO_32_BIT_CONVERSION = YES;
				GCC_WARN_ABOUT_RETURN_TYPE = YES_ERROR;
				GCC_WARN_UNDECLARED_SELECTOR = YES;
				GCC_WARN_UNINITIALIZED_AUTOS = YES_AGGRESSIVE;
				GCC_WARN_UNUSED_FUNCTION = YES;
				GCC_WARN_UNUSED_VARIABLE = YES;
				IPHONEOS_DEPLOYMENT_TARGET = 14.2;
				MTL_ENABLE_DEBUG_INFO = NO;
				MTL_FAST_MATH = YES;
				SDKROOT = iphoneos;
				SWIFT_COMPILATION_MODE = wholemodule;
				SWIFT_OPTIMIZATION_LEVEL = "-O";
				VALIDATE_PRODUCT = YES;
			};
			name = Release;
		};
		5439CE9D260FF37C00DCC5A6 /* Debug */ = {
			isa = XCBuildConfiguration;
			baseConfigurationReference = E30D470D52F55E4131C75708 /* Pods-Element Compound.debug.xcconfig */;
			buildSettings = {
				ASSETCATALOG_COMPILER_APPICON_NAME = AppIcon;
				ASSETCATALOG_COMPILER_GLOBAL_ACCENT_COLOR_NAME = AccentColor;
				CODE_SIGN_STYLE = Automatic;
				DEVELOPMENT_ASSET_PATHS = "\"Element Compound/Preview Content\"";
				DEVELOPMENT_TEAM = Y72HF9FX59;
				ENABLE_PREVIEWS = YES;
				INFOPLIST_FILE = "Element Compound/Info.plist";
				IPHONEOS_DEPLOYMENT_TARGET = 14.0;
				LD_RUNPATH_SEARCH_PATHS = (
					"$(inherited)",
					"@executable_path/Frameworks",
				);
				PRODUCT_BUNDLE_IDENTIFIER = "me.jab.ron.Element-Compound";
				PRODUCT_NAME = "$(TARGET_NAME)";
				SWIFT_VERSION = 5.0;
				TARGETED_DEVICE_FAMILY = "1,2";
			};
			name = Debug;
		};
		5439CE9E260FF37C00DCC5A6 /* Release */ = {
			isa = XCBuildConfiguration;
			baseConfigurationReference = 830855C6B59589D064BAED85 /* Pods-Element Compound.release.xcconfig */;
			buildSettings = {
				ASSETCATALOG_COMPILER_APPICON_NAME = AppIcon;
				ASSETCATALOG_COMPILER_GLOBAL_ACCENT_COLOR_NAME = AccentColor;
				CODE_SIGN_STYLE = Automatic;
				DEVELOPMENT_ASSET_PATHS = "\"Element Compound/Preview Content\"";
				DEVELOPMENT_TEAM = Y72HF9FX59;
				ENABLE_PREVIEWS = YES;
				INFOPLIST_FILE = "Element Compound/Info.plist";
				IPHONEOS_DEPLOYMENT_TARGET = 14.0;
				LD_RUNPATH_SEARCH_PATHS = (
					"$(inherited)",
					"@executable_path/Frameworks",
				);
				PRODUCT_BUNDLE_IDENTIFIER = "me.jab.ron.Element-Compound";
				PRODUCT_NAME = "$(TARGET_NAME)";
				SWIFT_VERSION = 5.0;
				TARGETED_DEVICE_FAMILY = "1,2";
			};
			name = Release;
		};
/* End XCBuildConfiguration section */

/* Begin XCConfigurationList section */
		5439CE88260FF37A00DCC5A6 /* Build configuration list for PBXProject "Element Compound" */ = {
			isa = XCConfigurationList;
			buildConfigurations = (
				5439CE9A260FF37C00DCC5A6 /* Debug */,
				5439CE9B260FF37C00DCC5A6 /* Release */,
			);
			defaultConfigurationIsVisible = 0;
			defaultConfigurationName = Release;
		};
		5439CE9C260FF37C00DCC5A6 /* Build configuration list for PBXNativeTarget "Element Compound" */ = {
			isa = XCConfigurationList;
			buildConfigurations = (
				5439CE9D260FF37C00DCC5A6 /* Debug */,
				5439CE9E260FF37C00DCC5A6 /* Release */,
			);
			defaultConfigurationIsVisible = 0;
			defaultConfigurationName = Release;
		};
/* End XCConfigurationList section */
	};
	rootObject = 5439CE85260FF37A00DCC5A6 /* Project object */;
}
